// !$*UTF8*$!
{
	archiveVersion = 1;
	classes = {
	};
	objectVersion = 46;
	objects = {

/* Begin PBXBuildFile section */
		181438A7192B6E4500BCDF2E /* CameraTransitionExample.cpp in Sources */ = {isa = PBXBuildFile; fileRef = 18143849192B6E4500BCDF2E /* CameraTransitionExample.cpp */; };
		181438A8192B6E4500BCDF2E /* ControlCityThemeExample.cpp in Sources */ = {isa = PBXBuildFile; fileRef = 1814384C192B6E4500BCDF2E /* ControlCityThemeExample.cpp */; };
		181438A9192B6E4500BCDF2E /* DebugPrimitiveRenderingExample.cpp in Sources */ = {isa = PBXBuildFile; fileRef = 1814384F192B6E4500BCDF2E /* DebugPrimitiveRenderingExample.cpp */; };
		181438AA192B6E4500BCDF2E /* DebugSphereExample.cpp in Sources */ = {isa = PBXBuildFile; fileRef = 18143852192B6E4500BCDF2E /* DebugSphereExample.cpp */; };
		181438AB192B6E4500BCDF2E /* DynamicText3DExample.cpp in Sources */ = {isa = PBXBuildFile; fileRef = 18143855192B6E4500BCDF2E /* DynamicText3DExample.cpp */; };
		181438AC192B6E4500BCDF2E /* EnvironmentFlatteningExample.cpp in Sources */ = {isa = PBXBuildFile; fileRef = 18143858192B6E4500BCDF2E /* EnvironmentFlatteningExample.cpp */; };
		181438AD192B6E4500BCDF2E /* EnvironmentNotifierExample.cpp in Sources */ = {isa = PBXBuildFile; fileRef = 1814385B192B6E4500BCDF2E /* EnvironmentNotifierExample.cpp */; };
		181438AE192B6E4500BCDF2E /* FileIOExample.cpp in Sources */ = {isa = PBXBuildFile; fileRef = 1814385E192B6E4500BCDF2E /* FileIOExample.cpp */; };
		181438AF192B6E4500BCDF2E /* KeyboardInputExample.cpp in Sources */ = {isa = PBXBuildFile; fileRef = 18143863192B6E4500BCDF2E /* KeyboardInputExample.cpp */; };
		181438B0192B6E4500BCDF2E /* LoadModelExample.cpp in Sources */ = {isa = PBXBuildFile; fileRef = 18143866192B6E4500BCDF2E /* LoadModelExample.cpp */; };
		181438B1192B6E4500BCDF2E /* ModifiedRenderingExample.cpp in Sources */ = {isa = PBXBuildFile; fileRef = 18143869192B6E4500BCDF2E /* ModifiedRenderingExample.cpp */; };
		181438B2192B6E4500BCDF2E /* NavigationGraphExample.cpp in Sources */ = {isa = PBXBuildFile; fileRef = 1814386C192B6E4500BCDF2E /* NavigationGraphExample.cpp */; };
		181438B3192B6E4500BCDF2E /* Pick3DObjectExample.cpp in Sources */ = {isa = PBXBuildFile; fileRef = 1814386F192B6E4500BCDF2E /* Pick3DObjectExample.cpp */; };
		181438B4192B6E4500BCDF2E /* PinOverModelExample.cpp in Sources */ = {isa = PBXBuildFile; fileRef = 18143872192B6E4500BCDF2E /* PinOverModelExample.cpp */; };
		181438B5192B6E4500BCDF2E /* PinsExample.cpp in Sources */ = {isa = PBXBuildFile; fileRef = 18143875192B6E4500BCDF2E /* PinsExample.cpp */; };
		181438B6192B6E4500BCDF2E /* PODAnimationExample.cpp in Sources */ = {isa = PBXBuildFile; fileRef = 18143878192B6E4500BCDF2E /* PODAnimationExample.cpp */; };
		181438B7192B6E4500BCDF2E /* ResourceSpatialQueryExample.cpp in Sources */ = {isa = PBXBuildFile; fileRef = 1814387B192B6E4500BCDF2E /* ResourceSpatialQueryExample.cpp */; };
		181438B8192B6E4500BCDF2E /* RouteDrawingExample.cpp in Sources */ = {isa = PBXBuildFile; fileRef = 1814387E192B6E4500BCDF2E /* RouteDrawingExample.cpp */; };
		181438B9192B6E4500BCDF2E /* RouteMatchingExample.cpp in Sources */ = {isa = PBXBuildFile; fileRef = 18143883192B6E4500BCDF2E /* RouteMatchingExample.cpp */; };
		181438BA192B6E4500BCDF2E /* RouteSimulationExample.cpp in Sources */ = {isa = PBXBuildFile; fileRef = 18143888192B6E4500BCDF2E /* RouteSimulationExample.cpp */; };
		181438BB192B6E4500BCDF2E /* RouteSimulationAnimationExample.cpp in Sources */ = {isa = PBXBuildFile; fileRef = 1814388B192B6E4500BCDF2E /* RouteSimulationAnimationExample.cpp */; };
		181438BC192B6E4500BCDF2E /* RouteThicknessPolicyExample.cpp in Sources */ = {isa = PBXBuildFile; fileRef = 1814388E192B6E4500BCDF2E /* RouteThicknessPolicyExample.cpp */; };
		181438BD192B6E4500BCDF2E /* ScreenPickExample.cpp in Sources */ = {isa = PBXBuildFile; fileRef = 18143891192B6E4500BCDF2E /* ScreenPickExample.cpp */; };
		181438BE192B6E4500BCDF2E /* ScreenUnprojectExample.cpp in Sources */ = {isa = PBXBuildFile; fileRef = 18143894192B6E4500BCDF2E /* ScreenUnprojectExample.cpp */; };
		181438BF192B6E4500BCDF2E /* SearchExample.cpp in Sources */ = {isa = PBXBuildFile; fileRef = 18143897192B6E4500BCDF2E /* SearchExample.cpp */; };
		181438C0192B6E4500BCDF2E /* SingleCityExample.cpp in Sources */ = {isa = PBXBuildFile; fileRef = 1814389A192B6E4500BCDF2E /* SingleCityExample.cpp */; };
		181438C1192B6E4500BCDF2E /* ToggleTrafficExample.cpp in Sources */ = {isa = PBXBuildFile; fileRef = 1814389D192B6E4500BCDF2E /* ToggleTrafficExample.cpp */; };
		181438C2192B6E4500BCDF2E /* TrafficCongestionExample.cpp in Sources */ = {isa = PBXBuildFile; fileRef = 181438A0192B6E4500BCDF2E /* TrafficCongestionExample.cpp */; };
		181438C3192B6E4500BCDF2E /* WebRequestExample.cpp in Sources */ = {isa = PBXBuildFile; fileRef = 181438A5192B6E4500BCDF2E /* WebRequestExample.cpp */; };
		1825103D17AFD5AD00251651 /* Test_ROBOT_ARM.pod in Resources */ = {isa = PBXBuildFile; fileRef = 1825103A17AFD5AD00251651 /* Test_ROBOT_ARM.pod */; };
		1825103E17AFD5AD00251651 /* tex_arm.pvr in Resources */ = {isa = PBXBuildFile; fileRef = 1825103B17AFD5AD00251651 /* tex_arm.pvr */; };
		1825103F17AFD5AD00251651 /* tex_base.pvr in Resources */ = {isa = PBXBuildFile; fileRef = 1825103C17AFD5AD00251651 /* tex_base.pvr */; };
		182E453B18C92FA900F9DD92 /* libapps-on-maps-sim.a in Frameworks */ = {isa = PBXBuildFile; fileRef = 7E75EE1D16848B8A00BCA283 /* libapps-on-maps-sim.a */; };
		182E453C18C92FA900F9DD92 /* libapps-on-maps.a in Frameworks */ = {isa = PBXBuildFile; fileRef = 7EE48223168373E20006E99B /* libapps-on-maps.a */; };
		1860B65C16CA65D90004A39D /* placeholder.pvr in Resources */ = {isa = PBXBuildFile; fileRef = 1860B65B16CA65D90004A39D /* placeholder.pvr */; };
		18915BD317C7AF86005F24AB /* recce_trams_night.pod in Resources */ = {isa = PBXBuildFile; fileRef = 18915BD217C7AF86005F24AB /* recce_trams_night.pod */; };
		1899716A192C947D00E0E9F1 /* CameraTransitionExampleFactory.cpp in Sources */ = {isa = PBXBuildFile; fileRef = 18997168192C947D00E0E9F1 /* CameraTransitionExampleFactory.cpp */; };
		18997174192CA64300E0E9F1 /* ControlCityThemeExampleFactory.cpp in Sources */ = {isa = PBXBuildFile; fileRef = 18997172192CA64300E0E9F1 /* ControlCityThemeExampleFactory.cpp */; };
		18997177192CA6FE00E0E9F1 /* DebugPrimitiveRenderingExampleFactory.cpp in Sources */ = {isa = PBXBuildFile; fileRef = 18997175192CA6FE00E0E9F1 /* DebugPrimitiveRenderingExampleFactory.cpp */; };
		1899717A192CA77500E0E9F1 /* DebugSphereExampleFactory.cpp in Sources */ = {isa = PBXBuildFile; fileRef = 18997178192CA77500E0E9F1 /* DebugSphereExampleFactory.cpp */; };
		1899717D192CAA0500E0E9F1 /* DynamicText3DExampleFactory.cpp in Sources */ = {isa = PBXBuildFile; fileRef = 1899717B192CAA0500E0E9F1 /* DynamicText3DExampleFactory.cpp */; };
		18997180192CAA8C00E0E9F1 /* EnvironmentFlatteningExampleFactory.cpp in Sources */ = {isa = PBXBuildFile; fileRef = 1899717E192CAA8C00E0E9F1 /* EnvironmentFlatteningExampleFactory.cpp */; };
		18997183192CABBE00E0E9F1 /* EnvironmentNotifierExampleFactory.cpp in Sources */ = {isa = PBXBuildFile; fileRef = 18997181192CABBE00E0E9F1 /* EnvironmentNotifierExampleFactory.cpp */; };
		18997186192CAC5400E0E9F1 /* FileIOExampleFactory.cpp in Sources */ = {isa = PBXBuildFile; fileRef = 18997184192CAC5400E0E9F1 /* FileIOExampleFactory.cpp */; };
		18997189192CACDD00E0E9F1 /* KeyboardInputExampleFactory.cpp in Sources */ = {isa = PBXBuildFile; fileRef = 18997187192CACDD00E0E9F1 /* KeyboardInputExampleFactory.cpp */; };
		1899718C192CAD9800E0E9F1 /* LoadModelExampleFactory.cpp in Sources */ = {isa = PBXBuildFile; fileRef = 1899718A192CAD9800E0E9F1 /* LoadModelExampleFactory.cpp */; };
		1899718F192CAE7E00E0E9F1 /* ModifiedRenderingExampleFactory.cpp in Sources */ = {isa = PBXBuildFile; fileRef = 1899718D192CAE7E00E0E9F1 /* ModifiedRenderingExampleFactory.cpp */; };
		18997192192CAF5F00E0E9F1 /* NavigationGraphExampleFactory.cpp in Sources */ = {isa = PBXBuildFile; fileRef = 18997190192CAF5F00E0E9F1 /* NavigationGraphExampleFactory.cpp */; };
		18997195192CAFED00E0E9F1 /* Pick3DObjectExampleFactory.cpp in Sources */ = {isa = PBXBuildFile; fileRef = 18997193192CAFED00E0E9F1 /* Pick3DObjectExampleFactory.cpp */; };
		18997198192CB08A00E0E9F1 /* PinOverModelExampleFactory.cpp in Sources */ = {isa = PBXBuildFile; fileRef = 18997196192CB08A00E0E9F1 /* PinOverModelExampleFactory.cpp */; };
		1899719B192CB17100E0E9F1 /* PinsExampleFactory.cpp in Sources */ = {isa = PBXBuildFile; fileRef = 18997199192CB17100E0E9F1 /* PinsExampleFactory.cpp */; };
		1899719E192CB24B00E0E9F1 /* PODAnimationExampleFactory.cpp in Sources */ = {isa = PBXBuildFile; fileRef = 1899719C192CB24B00E0E9F1 /* PODAnimationExampleFactory.cpp */; };
		189971A1192CB2D500E0E9F1 /* ResourceSpatialQueryExampleFactory.cpp in Sources */ = {isa = PBXBuildFile; fileRef = 1899719F192CB2D500E0E9F1 /* ResourceSpatialQueryExampleFactory.cpp */; };
		189971A4192CB35600E0E9F1 /* RouteDrawingExampleFactory.cpp in Sources */ = {isa = PBXBuildFile; fileRef = 189971A2192CB35600E0E9F1 /* RouteDrawingExampleFactory.cpp */; };
		189971A7192CB3F800E0E9F1 /* RouteSimulationAnimationExampleFactory.cpp in Sources */ = {isa = PBXBuildFile; fileRef = 189971A5192CB3F800E0E9F1 /* RouteSimulationAnimationExampleFactory.cpp */; };
		189971AA192CB4D900E0E9F1 /* RouteThicknessPolicyExampleFactory.cpp in Sources */ = {isa = PBXBuildFile; fileRef = 189971A8192CB4D900E0E9F1 /* RouteThicknessPolicyExampleFactory.cpp */; };
		189971AD192CB59F00E0E9F1 /* ScreenPickExampleFactory.cpp in Sources */ = {isa = PBXBuildFile; fileRef = 189971AB192CB59F00E0E9F1 /* ScreenPickExampleFactory.cpp */; };
		189971B0192CB63500E0E9F1 /* ScreenUnprojectExampleFactory.cpp in Sources */ = {isa = PBXBuildFile; fileRef = 189971AE192CB63500E0E9F1 /* ScreenUnprojectExampleFactory.cpp */; };
		189971B3192CB6A100E0E9F1 /* SearchExampleFactory.cpp in Sources */ = {isa = PBXBuildFile; fileRef = 189971B1192CB6A100E0E9F1 /* SearchExampleFactory.cpp */; };
		189971B6192CB77A00E0E9F1 /* SingleCityExampleFactory.cpp in Sources */ = {isa = PBXBuildFile; fileRef = 189971B4192CB77A00E0E9F1 /* SingleCityExampleFactory.cpp */; };
		189971B9192CB83E00E0E9F1 /* ToggleTrafficExampleFactory.cpp in Sources */ = {isa = PBXBuildFile; fileRef = 189971B7192CB83E00E0E9F1 /* ToggleTrafficExampleFactory.cpp */; };
		189971BC192CB8B800E0E9F1 /* TrafficCongestionExampleFactory.cpp in Sources */ = {isa = PBXBuildFile; fileRef = 189971BA192CB8B800E0E9F1 /* TrafficCongestionExampleFactory.cpp */; };
		189971BF192CB93200E0E9F1 /* WebRequestExampleFactory.cpp in Sources */ = {isa = PBXBuildFile; fileRef = 189971BD192CB93200E0E9F1 /* WebRequestExampleFactory.cpp */; };
		189971C2192CBFFE00E0E9F1 /* RouteMatchingExampleFactory.cpp in Sources */ = {isa = PBXBuildFile; fileRef = 189971C0192CBFFE00E0E9F1 /* RouteMatchingExampleFactory.cpp */; };
		189971C5192CC21600E0E9F1 /* RouteSimulationExampleFactory.cpp in Sources */ = {isa = PBXBuildFile; fileRef = 189971C3192CC21600E0E9F1 /* RouteSimulationExampleFactory.cpp */; };
		189971C8192CCB7700E0E9F1 /* ExampleController.cpp in Sources */ = {isa = PBXBuildFile; fileRef = 189971C6192CCB7700E0E9F1 /* ExampleController.cpp */; };
		18AB38E5192B71F100F15546 /* UIHelpers.cpp in Sources */ = {isa = PBXBuildFile; fileRef = 18AB38E4192B71F100F15546 /* UIHelpers.cpp */; };
		18AB38F8192B729F00F15546 /* ExampleApp.cpp in Sources */ = {isa = PBXBuildFile; fileRef = 18AB38E8192B729F00F15546 /* ExampleApp.cpp */; };
		18AB38F9192B729F00F15546 /* iOSRouteMatchingExampleView.mm in Sources */ = {isa = PBXBuildFile; fileRef = 18AB38EC192B729F00F15546 /* iOSRouteMatchingExampleView.mm */; };
		18AB38FA192B729F00F15546 /* iOSRouteMatchingExampleViewFactory.mm in Sources */ = {isa = PBXBuildFile; fileRef = 18AB38EE192B729F00F15546 /* iOSRouteMatchingExampleViewFactory.mm */; };
		18AB38FB192B729F00F15546 /* iOSRouteSimulationExampleView.mm in Sources */ = {isa = PBXBuildFile; fileRef = 18AB38F1192B729F00F15546 /* iOSRouteSimulationExampleView.mm */; };
		18AB38FC192B729F00F15546 /* iOSRouteSimulationExampleViewFactory.mm in Sources */ = {isa = PBXBuildFile; fileRef = 18AB38F3192B729F00F15546 /* iOSRouteSimulationExampleViewFactory.mm */; };
		18AB38FD192B729F00F15546 /* Main.m in Sources */ = {isa = PBXBuildFile; fileRef = 18AB38F5192B729F00F15546 /* Main.m */; };
		18AB38FE192B729F00F15546 /* ViewController.mm in Sources */ = {isa = PBXBuildFile; fileRef = 18AB38F7192B729F00F15546 /* ViewController.mm */; };
		18EC760717BA421E0011EEE6 /* recce_trams.pod in Resources */ = {isa = PBXBuildFile; fileRef = 18EC760517BA421E0011EEE6 /* recce_trams.pod */; };
		18EC760817BA421E0011EEE6 /* recce_trams.pvr in Resources */ = {isa = PBXBuildFile; fileRef = 18EC760617BA421E0011EEE6 /* recce_trams.pvr */; };
		2264D694177DA5870016C3ED /* ldn_trains_01.pod in Resources */ = {isa = PBXBuildFile; fileRef = 2264D692177DA5870016C3ED /* ldn_trains_01.pod */; };
		2264D695177DA5870016C3ED /* ldn_trains_01.pvr in Resources */ = {isa = PBXBuildFile; fileRef = 2264D693177DA5870016C3ED /* ldn_trains_01.pvr */; };
		5660954918B3BCF00090B857 /* BoxCharacter.pod in Resources */ = {isa = PBXBuildFile; fileRef = 5660954718B3BCF00090B857 /* BoxCharacter.pod */; };
		5660954A18B3BCF00090B857 /* BoxCharacter.pvr in Resources */ = {isa = PBXBuildFile; fileRef = 5660954818B3BCF00090B857 /* BoxCharacter.pvr */; };
		59A943C1183A5CE2000AB7BD /* PinIconTexturePage.png in Resources */ = {isa = PBXBuildFile; fileRef = 59A943C0183A5CE2000AB7BD /* PinIconTexturePage.png */; };
		59C09E64189BCAF700CC3751 /* alpha_disc_material.png in Resources */ = {isa = PBXBuildFile; fileRef = 59C09E61189BCAF700CC3751 /* alpha_disc_material.png */; };
		59C09E65189BCAF700CC3751 /* alpha_material.png in Resources */ = {isa = PBXBuildFile; fileRef = 59C09E62189BCAF700CC3751 /* alpha_material.png */; };
		59C09E66189BCAF700CC3751 /* sanfrancisco_vehicles_alpha.POD in Resources */ = {isa = PBXBuildFile; fileRef = 59C09E63189BCAF700CC3751 /* sanfrancisco_vehicles_alpha.POD */; };
		7E43D7E3179434D400101629 /* ldn_trains_night_01.pod in Resources */ = {isa = PBXBuildFile; fileRef = 7E43D7D9179434D400101629 /* ldn_trains_night_01.pod */; };
		7E43D7E4179434D400101629 /* ldn_trains_Night_01.pvr in Resources */ = {isa = PBXBuildFile; fileRef = 7E43D7DA179434D400101629 /* ldn_trains_Night_01.pvr */; };
		7E43D7E5179434D400101629 /* sf_planes_01.pod in Resources */ = {isa = PBXBuildFile; fileRef = 7E43D7DB179434D400101629 /* sf_planes_01.pod */; };
		7E43D7E6179434D400101629 /* sf_planes_01.pvr in Resources */ = {isa = PBXBuildFile; fileRef = 7E43D7DC179434D400101629 /* sf_planes_01.pvr */; };
		7E43D7E7179434D400101629 /* sf_planes_night_01.pod in Resources */ = {isa = PBXBuildFile; fileRef = 7E43D7DD179434D400101629 /* sf_planes_night_01.pod */; };
		7E43D7E8179434D400101629 /* sf_planes_night_01.pvr in Resources */ = {isa = PBXBuildFile; fileRef = 7E43D7DE179434D400101629 /* sf_planes_night_01.pvr */; };
		7E43D7E9179434D400101629 /* sf_vehicles_01.pvr in Resources */ = {isa = PBXBuildFile; fileRef = 7E43D7DF179434D400101629 /* sf_vehicles_01.pvr */; };
		7E43D7EA179434D400101629 /* sf_vehicles_Night_01.pvr in Resources */ = {isa = PBXBuildFile; fileRef = 7E43D7E0179434D400101629 /* sf_vehicles_Night_01.pvr */; };
		7E43D7EB179434D400101629 /* Vehicles_SF_Day.pod in Resources */ = {isa = PBXBuildFile; fileRef = 7E43D7E1179434D400101629 /* Vehicles_SF_Day.pod */; };
		7E43D7EC179434D400101629 /* Vehicles_SF_Night.pod in Resources */ = {isa = PBXBuildFile; fileRef = 7E43D7E2179434D400101629 /* Vehicles_SF_Night.pod */; };
		7ED145971820212A0018218E /* placeholder_no_data.pvr in Resources */ = {isa = PBXBuildFile; fileRef = 7ED145961820212A0018218E /* placeholder_no_data.pvr */; };
		7EE481EB16836F370006E99B /* UIKit.framework in Frameworks */ = {isa = PBXBuildFile; fileRef = 7EE481EA16836F370006E99B /* UIKit.framework */; };
		7EE481ED16836F370006E99B /* Foundation.framework in Frameworks */ = {isa = PBXBuildFile; fileRef = 7EE481EC16836F370006E99B /* Foundation.framework */; };
		7EE481EF16836F370006E99B /* CoreGraphics.framework in Frameworks */ = {isa = PBXBuildFile; fileRef = 7EE481EE16836F370006E99B /* CoreGraphics.framework */; };
		7EE481F116836F370006E99B /* CoreData.framework in Frameworks */ = {isa = PBXBuildFile; fileRef = 7EE481F016836F370006E99B /* CoreData.framework */; };
		7EE481F716836F370006E99B /* InfoPlist.strings in Resources */ = {isa = PBXBuildFile; fileRef = 7EE481F516836F370006E99B /* InfoPlist.strings */; };
		7EE4820E1683713B0006E99B /* MainStoryboard_iPhone.storyboard in Resources */ = {isa = PBXBuildFile; fileRef = 7EE4820C1683713B0006E99B /* MainStoryboard_iPhone.storyboard */; };
		7EE48211168371460006E99B /* MainStoryboard_iPad.storyboard in Resources */ = {isa = PBXBuildFile; fileRef = 7EE4820F168371460006E99B /* MainStoryboard_iPad.storyboard */; };
		7EE48226168373E20006E99B /* libturbojpeg.a in Frameworks */ = {isa = PBXBuildFile; fileRef = 7EE48224168373E20006E99B /* libturbojpeg.a */; };
		7EE4824D168476BA0006E99B /* GLKit.framework in Frameworks */ = {isa = PBXBuildFile; fileRef = 7EE4824B168476BA0006E99B /* GLKit.framework */; };
		7EE4824E168476BA0006E99B /* OpenGLES.framework in Frameworks */ = {isa = PBXBuildFile; fileRef = 7EE4824C168476BA0006E99B /* OpenGLES.framework */; };
		7EE48251168476EC0006E99B /* CFNetwork.framework in Frameworks */ = {isa = PBXBuildFile; fileRef = 7EE48250168476EC0006E99B /* CFNetwork.framework */; };
		7EE48254168477600006E99B /* SystemConfiguration.framework in Frameworks */ = {isa = PBXBuildFile; fileRef = 7EE48252168477510006E99B /* SystemConfiguration.framework */; };
		7EE48256168477A80006E99B /* MobileCoreServices.framework in Frameworks */ = {isa = PBXBuildFile; fileRef = 7EE48255168477A80006E99B /* MobileCoreServices.framework */; };
		7EE48258168477CB0006E99B /* libz.dylib in Frameworks */ = {isa = PBXBuildFile; fileRef = 7EE48257168477CB0006E99B /* libz.dylib */; };
		7EE4830E16847E7C0006E99B /* SanFrancisco_Vehicles.pod in Resources */ = {isa = PBXBuildFile; fileRef = 7EE4827816847E7C0006E99B /* SanFrancisco_Vehicles.pod */; };
		7EE4832716847E7C0006E99B /* AppIcone_iPad_72X72.png in Resources */ = {isa = PBXBuildFile; fileRef = 7EE4829216847E7C0006E99B /* AppIcone_iPad_72X72.png */; };
		7EE4832816847E7C0006E99B /* AppIcone_iPad_Retina_144X144.png in Resources */ = {isa = PBXBuildFile; fileRef = 7EE4829316847E7C0006E99B /* AppIcone_iPad_Retina_144X144.png */; };
		7EE4832916847E7C0006E99B /* AppIcone_iPhone_57X57.png in Resources */ = {isa = PBXBuildFile; fileRef = 7EE4829416847E7C0006E99B /* AppIcone_iPhone_57X57.png */; };
		7EE4832A16847E7C0006E99B /* AppIcone_iPhone_Retina_114X114.png in Resources */ = {isa = PBXBuildFile; fileRef = 7EE4829516847E7C0006E99B /* AppIcone_iPhone_Retina_114X114.png */; };
		7EE4832B16847E7C0006E99B /* Default-Landscape@2x~ipad.png in Resources */ = {isa = PBXBuildFile; fileRef = 7EE4829616847E7C0006E99B /* Default-Landscape@2x~ipad.png */; };
		7EE4832C16847E7C0006E99B /* Default-Landscape~ipad.png in Resources */ = {isa = PBXBuildFile; fileRef = 7EE4829716847E7C0006E99B /* Default-Landscape~ipad.png */; };
		7EE4832D16847E7C0006E99B /* Default-Portrait@2x~ipad.png in Resources */ = {isa = PBXBuildFile; fileRef = 7EE4829816847E7C0006E99B /* Default-Portrait@2x~ipad.png */; };
		7EE4832E16847E7C0006E99B /* Default-Portrait~ipad.png in Resources */ = {isa = PBXBuildFile; fileRef = 7EE4829916847E7C0006E99B /* Default-Portrait~ipad.png */; };
		7EE4832F16847E7C0006E99B /* Default.png in Resources */ = {isa = PBXBuildFile; fileRef = 7EE4829A16847E7C0006E99B /* Default.png */; };
		7EE4833016847E7C0006E99B /* Default@2x.png in Resources */ = {isa = PBXBuildFile; fileRef = 7EE4829B16847E7C0006E99B /* Default@2x.png */; };
		7EE4833116847E7C0006E99B /* occupied_cells.txt in Resources */ = {isa = PBXBuildFile; fileRef = 7EE4829C16847E7C0006E99B /* occupied_cells.txt */; };
		7EE4834D16847E7C0006E99B /* SanFrancisco_Vehicles.pod in Resources */ = {isa = PBXBuildFile; fileRef = 7EE482B916847E7C0006E99B /* SanFrancisco_Vehicles.pod */; };
		7EE4838416847E7C0006E99B /* Vehicles_01.pvr in Resources */ = {isa = PBXBuildFile; fileRef = 7EE482F016847E7C0006E99B /* Vehicles_01.pvr */; };
		7EF5D8651737F9A40049D787 /* CoreLocation.framework in Frameworks */ = {isa = PBXBuildFile; fileRef = 7EF5D8641737F9A40049D787 /* CoreLocation.framework */; };
		E03F3E4A184E43BD002FF534 /* FrankBold50_A8_icons_0.png in Resources */ = {isa = PBXBuildFile; fileRef = E03F3E48184E43BD002FF534 /* FrankBold50_A8_icons_0.png */; };
		E03F3E4B184E43BD002FF534 /* FrankBold50_A8_icons.fnt in Resources */ = {isa = PBXBuildFile; fileRef = E03F3E49184E43BD002FF534 /* FrankBold50_A8_icons.fnt */; };
/* End PBXBuildFile section */

/* Begin PBXFileReference section */
		18143849192B6E4500BCDF2E /* CameraTransitionExample.cpp */ = {isa = PBXFileReference; fileEncoding = 4; lastKnownFileType = sourcecode.cpp.cpp; path = CameraTransitionExample.cpp; sourceTree = "<group>"; };
		1814384A192B6E4500BCDF2E /* CameraTransitionExample.h */ = {isa = PBXFileReference; fileEncoding = 4; lastKnownFileType = sourcecode.c.h; path = CameraTransitionExample.h; sourceTree = "<group>"; };
		1814384C192B6E4500BCDF2E /* ControlCityThemeExample.cpp */ = {isa = PBXFileReference; fileEncoding = 4; lastKnownFileType = sourcecode.cpp.cpp; path = ControlCityThemeExample.cpp; sourceTree = "<group>"; };
		1814384D192B6E4500BCDF2E /* ControlCityThemeExample.h */ = {isa = PBXFileReference; fileEncoding = 4; lastKnownFileType = sourcecode.c.h; path = ControlCityThemeExample.h; sourceTree = "<group>"; };
		1814384F192B6E4500BCDF2E /* DebugPrimitiveRenderingExample.cpp */ = {isa = PBXFileReference; fileEncoding = 4; lastKnownFileType = sourcecode.cpp.cpp; path = DebugPrimitiveRenderingExample.cpp; sourceTree = "<group>"; };
		18143850192B6E4500BCDF2E /* DebugPrimitiveRenderingExample.h */ = {isa = PBXFileReference; fileEncoding = 4; lastKnownFileType = sourcecode.c.h; path = DebugPrimitiveRenderingExample.h; sourceTree = "<group>"; };
		18143852192B6E4500BCDF2E /* DebugSphereExample.cpp */ = {isa = PBXFileReference; fileEncoding = 4; lastKnownFileType = sourcecode.cpp.cpp; path = DebugSphereExample.cpp; sourceTree = "<group>"; };
		18143853192B6E4500BCDF2E /* DebugSphereExample.h */ = {isa = PBXFileReference; fileEncoding = 4; lastKnownFileType = sourcecode.c.h; path = DebugSphereExample.h; sourceTree = "<group>"; };
		18143855192B6E4500BCDF2E /* DynamicText3DExample.cpp */ = {isa = PBXFileReference; fileEncoding = 4; lastKnownFileType = sourcecode.cpp.cpp; path = DynamicText3DExample.cpp; sourceTree = "<group>"; };
		18143856192B6E4500BCDF2E /* DynamicText3DExample.h */ = {isa = PBXFileReference; fileEncoding = 4; lastKnownFileType = sourcecode.c.h; path = DynamicText3DExample.h; sourceTree = "<group>"; };
		18143858192B6E4500BCDF2E /* EnvironmentFlatteningExample.cpp */ = {isa = PBXFileReference; fileEncoding = 4; lastKnownFileType = sourcecode.cpp.cpp; path = EnvironmentFlatteningExample.cpp; sourceTree = "<group>"; };
		18143859192B6E4500BCDF2E /* EnvironmentFlatteningExample.h */ = {isa = PBXFileReference; fileEncoding = 4; lastKnownFileType = sourcecode.c.h; path = EnvironmentFlatteningExample.h; sourceTree = "<group>"; };
		1814385B192B6E4500BCDF2E /* EnvironmentNotifierExample.cpp */ = {isa = PBXFileReference; fileEncoding = 4; lastKnownFileType = sourcecode.cpp.cpp; path = EnvironmentNotifierExample.cpp; sourceTree = "<group>"; };
		1814385C192B6E4500BCDF2E /* EnvironmentNotifierExample.h */ = {isa = PBXFileReference; fileEncoding = 4; lastKnownFileType = sourcecode.c.h; path = EnvironmentNotifierExample.h; sourceTree = "<group>"; };
		1814385E192B6E4500BCDF2E /* FileIOExample.cpp */ = {isa = PBXFileReference; fileEncoding = 4; lastKnownFileType = sourcecode.cpp.cpp; path = FileIOExample.cpp; sourceTree = "<group>"; };
		1814385F192B6E4500BCDF2E /* FileIOExample.h */ = {isa = PBXFileReference; fileEncoding = 4; lastKnownFileType = sourcecode.c.h; path = FileIOExample.h; sourceTree = "<group>"; };
		18143860192B6E4500BCDF2E /* IExample.h */ = {isa = PBXFileReference; fileEncoding = 4; lastKnownFileType = sourcecode.c.h; path = IExample.h; sourceTree = "<group>"; };
		18143863192B6E4500BCDF2E /* KeyboardInputExample.cpp */ = {isa = PBXFileReference; fileEncoding = 4; lastKnownFileType = sourcecode.cpp.cpp; path = KeyboardInputExample.cpp; sourceTree = "<group>"; };
		18143864192B6E4500BCDF2E /* KeyboardInputExample.h */ = {isa = PBXFileReference; fileEncoding = 4; lastKnownFileType = sourcecode.c.h; path = KeyboardInputExample.h; sourceTree = "<group>"; };
		18143866192B6E4500BCDF2E /* LoadModelExample.cpp */ = {isa = PBXFileReference; fileEncoding = 4; lastKnownFileType = sourcecode.cpp.cpp; path = LoadModelExample.cpp; sourceTree = "<group>"; };
		18143867192B6E4500BCDF2E /* LoadModelExample.h */ = {isa = PBXFileReference; fileEncoding = 4; lastKnownFileType = sourcecode.c.h; path = LoadModelExample.h; sourceTree = "<group>"; };
		18143869192B6E4500BCDF2E /* ModifiedRenderingExample.cpp */ = {isa = PBXFileReference; fileEncoding = 4; lastKnownFileType = sourcecode.cpp.cpp; path = ModifiedRenderingExample.cpp; sourceTree = "<group>"; };
		1814386A192B6E4500BCDF2E /* ModifiedRenderingExample.h */ = {isa = PBXFileReference; fileEncoding = 4; lastKnownFileType = sourcecode.c.h; path = ModifiedRenderingExample.h; sourceTree = "<group>"; };
		1814386C192B6E4500BCDF2E /* NavigationGraphExample.cpp */ = {isa = PBXFileReference; fileEncoding = 4; lastKnownFileType = sourcecode.cpp.cpp; path = NavigationGraphExample.cpp; sourceTree = "<group>"; };
		1814386D192B6E4500BCDF2E /* NavigationGraphExample.h */ = {isa = PBXFileReference; fileEncoding = 4; lastKnownFileType = sourcecode.c.h; path = NavigationGraphExample.h; sourceTree = "<group>"; };
		1814386F192B6E4500BCDF2E /* Pick3DObjectExample.cpp */ = {isa = PBXFileReference; fileEncoding = 4; lastKnownFileType = sourcecode.cpp.cpp; path = Pick3DObjectExample.cpp; sourceTree = "<group>"; };
		18143870192B6E4500BCDF2E /* Pick3DObjectExample.h */ = {isa = PBXFileReference; fileEncoding = 4; lastKnownFileType = sourcecode.c.h; path = Pick3DObjectExample.h; sourceTree = "<group>"; };
		18143872192B6E4500BCDF2E /* PinOverModelExample.cpp */ = {isa = PBXFileReference; fileEncoding = 4; lastKnownFileType = sourcecode.cpp.cpp; path = PinOverModelExample.cpp; sourceTree = "<group>"; };
		18143873192B6E4500BCDF2E /* PinOverModelExample.h */ = {isa = PBXFileReference; fileEncoding = 4; lastKnownFileType = sourcecode.c.h; path = PinOverModelExample.h; sourceTree = "<group>"; };
		18143875192B6E4500BCDF2E /* PinsExample.cpp */ = {isa = PBXFileReference; fileEncoding = 4; lastKnownFileType = sourcecode.cpp.cpp; path = PinsExample.cpp; sourceTree = "<group>"; };
		18143876192B6E4500BCDF2E /* PinsExample.h */ = {isa = PBXFileReference; fileEncoding = 4; lastKnownFileType = sourcecode.c.h; path = PinsExample.h; sourceTree = "<group>"; };
		18143878192B6E4500BCDF2E /* PODAnimationExample.cpp */ = {isa = PBXFileReference; fileEncoding = 4; lastKnownFileType = sourcecode.cpp.cpp; path = PODAnimationExample.cpp; sourceTree = "<group>"; };
		18143879192B6E4500BCDF2E /* PODAnimationExample.h */ = {isa = PBXFileReference; fileEncoding = 4; lastKnownFileType = sourcecode.c.h; path = PODAnimationExample.h; sourceTree = "<group>"; };
		1814387B192B6E4500BCDF2E /* ResourceSpatialQueryExample.cpp */ = {isa = PBXFileReference; fileEncoding = 4; lastKnownFileType = sourcecode.cpp.cpp; path = ResourceSpatialQueryExample.cpp; sourceTree = "<group>"; };
		1814387C192B6E4500BCDF2E /* ResourceSpatialQueryExample.h */ = {isa = PBXFileReference; fileEncoding = 4; lastKnownFileType = sourcecode.c.h; path = ResourceSpatialQueryExample.h; sourceTree = "<group>"; };
		1814387E192B6E4500BCDF2E /* RouteDrawingExample.cpp */ = {isa = PBXFileReference; fileEncoding = 4; lastKnownFileType = sourcecode.cpp.cpp; path = RouteDrawingExample.cpp; sourceTree = "<group>"; };
		1814387F192B6E4500BCDF2E /* RouteDrawingExample.h */ = {isa = PBXFileReference; fileEncoding = 4; lastKnownFileType = sourcecode.c.h; path = RouteDrawingExample.h; sourceTree = "<group>"; };
		18143881192B6E4500BCDF2E /* IRouteMatchingExampleView.h */ = {isa = PBXFileReference; fileEncoding = 4; lastKnownFileType = sourcecode.c.h; path = IRouteMatchingExampleView.h; sourceTree = "<group>"; };
		18143882192B6E4500BCDF2E /* IRouteMatchingExampleViewFactory.h */ = {isa = PBXFileReference; fileEncoding = 4; lastKnownFileType = sourcecode.c.h; path = IRouteMatchingExampleViewFactory.h; sourceTree = "<group>"; };
		18143883192B6E4500BCDF2E /* RouteMatchingExample.cpp */ = {isa = PBXFileReference; fileEncoding = 4; lastKnownFileType = sourcecode.cpp.cpp; path = RouteMatchingExample.cpp; sourceTree = "<group>"; };
		18143884192B6E4500BCDF2E /* RouteMatchingExample.h */ = {isa = PBXFileReference; fileEncoding = 4; lastKnownFileType = sourcecode.c.h; path = RouteMatchingExample.h; sourceTree = "<group>"; };
		18143886192B6E4500BCDF2E /* IRouteSimulationExampleView.h */ = {isa = PBXFileReference; fileEncoding = 4; lastKnownFileType = sourcecode.c.h; path = IRouteSimulationExampleView.h; sourceTree = "<group>"; };
		18143887192B6E4500BCDF2E /* IRouteSimulationExampleViewFactory.h */ = {isa = PBXFileReference; fileEncoding = 4; lastKnownFileType = sourcecode.c.h; path = IRouteSimulationExampleViewFactory.h; sourceTree = "<group>"; };
		18143888192B6E4500BCDF2E /* RouteSimulationExample.cpp */ = {isa = PBXFileReference; fileEncoding = 4; lastKnownFileType = sourcecode.cpp.cpp; path = RouteSimulationExample.cpp; sourceTree = "<group>"; };
		18143889192B6E4500BCDF2E /* RouteSimulationExample.h */ = {isa = PBXFileReference; fileEncoding = 4; lastKnownFileType = sourcecode.c.h; path = RouteSimulationExample.h; sourceTree = "<group>"; };
		1814388B192B6E4500BCDF2E /* RouteSimulationAnimationExample.cpp */ = {isa = PBXFileReference; fileEncoding = 4; lastKnownFileType = sourcecode.cpp.cpp; path = RouteSimulationAnimationExample.cpp; sourceTree = "<group>"; };
		1814388C192B6E4500BCDF2E /* RouteSimulationAnimationExample.h */ = {isa = PBXFileReference; fileEncoding = 4; lastKnownFileType = sourcecode.c.h; path = RouteSimulationAnimationExample.h; sourceTree = "<group>"; };
		1814388E192B6E4500BCDF2E /* RouteThicknessPolicyExample.cpp */ = {isa = PBXFileReference; fileEncoding = 4; lastKnownFileType = sourcecode.cpp.cpp; path = RouteThicknessPolicyExample.cpp; sourceTree = "<group>"; };
		1814388F192B6E4500BCDF2E /* RouteThicknessPolicyExample.h */ = {isa = PBXFileReference; fileEncoding = 4; lastKnownFileType = sourcecode.c.h; path = RouteThicknessPolicyExample.h; sourceTree = "<group>"; };
		18143891192B6E4500BCDF2E /* ScreenPickExample.cpp */ = {isa = PBXFileReference; fileEncoding = 4; lastKnownFileType = sourcecode.cpp.cpp; path = ScreenPickExample.cpp; sourceTree = "<group>"; };
		18143892192B6E4500BCDF2E /* ScreenPickExample.h */ = {isa = PBXFileReference; fileEncoding = 4; lastKnownFileType = sourcecode.c.h; path = ScreenPickExample.h; sourceTree = "<group>"; };
		18143894192B6E4500BCDF2E /* ScreenUnprojectExample.cpp */ = {isa = PBXFileReference; fileEncoding = 4; lastKnownFileType = sourcecode.cpp.cpp; path = ScreenUnprojectExample.cpp; sourceTree = "<group>"; };
		18143895192B6E4500BCDF2E /* ScreenUnprojectExample.h */ = {isa = PBXFileReference; fileEncoding = 4; lastKnownFileType = sourcecode.c.h; path = ScreenUnprojectExample.h; sourceTree = "<group>"; };
		18143897192B6E4500BCDF2E /* SearchExample.cpp */ = {isa = PBXFileReference; fileEncoding = 4; lastKnownFileType = sourcecode.cpp.cpp; path = SearchExample.cpp; sourceTree = "<group>"; };
		18143898192B6E4500BCDF2E /* SearchExample.h */ = {isa = PBXFileReference; fileEncoding = 4; lastKnownFileType = sourcecode.c.h; path = SearchExample.h; sourceTree = "<group>"; };
		1814389A192B6E4500BCDF2E /* SingleCityExample.cpp */ = {isa = PBXFileReference; fileEncoding = 4; lastKnownFileType = sourcecode.cpp.cpp; path = SingleCityExample.cpp; sourceTree = "<group>"; };
		1814389B192B6E4500BCDF2E /* SingleCityExample.h */ = {isa = PBXFileReference; fileEncoding = 4; lastKnownFileType = sourcecode.c.h; path = SingleCityExample.h; sourceTree = "<group>"; };
		1814389D192B6E4500BCDF2E /* ToggleTrafficExample.cpp */ = {isa = PBXFileReference; fileEncoding = 4; lastKnownFileType = sourcecode.cpp.cpp; path = ToggleTrafficExample.cpp; sourceTree = "<group>"; };
		1814389E192B6E4500BCDF2E /* ToggleTrafficExample.h */ = {isa = PBXFileReference; fileEncoding = 4; lastKnownFileType = sourcecode.c.h; path = ToggleTrafficExample.h; sourceTree = "<group>"; };
		181438A0192B6E4500BCDF2E /* TrafficCongestionExample.cpp */ = {isa = PBXFileReference; fileEncoding = 4; lastKnownFileType = sourcecode.cpp.cpp; path = TrafficCongestionExample.cpp; sourceTree = "<group>"; };
		181438A1192B6E4500BCDF2E /* TrafficCongestionExample.h */ = {isa = PBXFileReference; fileEncoding = 4; lastKnownFileType = sourcecode.c.h; path = TrafficCongestionExample.h; sourceTree = "<group>"; };
		181438A5192B6E4500BCDF2E /* WebRequestExample.cpp */ = {isa = PBXFileReference; fileEncoding = 4; lastKnownFileType = sourcecode.cpp.cpp; path = WebRequestExample.cpp; sourceTree = "<group>"; };
		181438A6192B6E4500BCDF2E /* WebRequestExample.h */ = {isa = PBXFileReference; fileEncoding = 4; lastKnownFileType = sourcecode.c.h; path = WebRequestExample.h; sourceTree = "<group>"; };
		181438C4192B6EAE00BCDF2E /* IUIActionHandler.h */ = {isa = PBXFileReference; fileEncoding = 4; lastKnownFileType = sourcecode.c.h; path = IUIActionHandler.h; sourceTree = "<group>"; };
		181438C5192B6EAE00BCDF2E /* UIActionHandler.h */ = {isa = PBXFileReference; fileEncoding = 4; lastKnownFileType = sourcecode.c.h; path = UIActionHandler.h; sourceTree = "<group>"; };
		181438C6192B6FEC00BCDF2E /* UIHelpers.h */ = {isa = PBXFileReference; lastKnownFileType = sourcecode.c.h; path = UIHelpers.h; sourceTree = "<group>"; };
		1825103A17AFD5AD00251651 /* Test_ROBOT_ARM.pod */ = {isa = PBXFileReference; lastKnownFileType = file; path = Test_ROBOT_ARM.pod; sourceTree = "<group>"; };
		1825103B17AFD5AD00251651 /* tex_arm.pvr */ = {isa = PBXFileReference; lastKnownFileType = file; path = tex_arm.pvr; sourceTree = "<group>"; };
		1825103C17AFD5AD00251651 /* tex_base.pvr */ = {isa = PBXFileReference; lastKnownFileType = file; path = tex_base.pvr; sourceTree = "<group>"; };
		1860B65B16CA65D90004A39D /* placeholder.pvr */ = {isa = PBXFileReference; lastKnownFileType = file; path = placeholder.pvr; sourceTree = "<group>"; };
		18915BD217C7AF86005F24AB /* recce_trams_night.pod */ = {isa = PBXFileReference; lastKnownFileType = file; path = recce_trams_night.pod; sourceTree = "<group>"; };
		18997164192C8E9900E0E9F1 /* IExampleFactory.h */ = {isa = PBXFileReference; lastKnownFileType = sourcecode.c.h; path = IExampleFactory.h; sourceTree = "<group>"; };
		18997168192C947D00E0E9F1 /* CameraTransitionExampleFactory.cpp */ = {isa = PBXFileReference; fileEncoding = 4; lastKnownFileType = sourcecode.cpp.cpp; path = CameraTransitionExampleFactory.cpp; sourceTree = "<group>"; };
		18997169192C947D00E0E9F1 /* CameraTransitionExampleFactory.h */ = {isa = PBXFileReference; fileEncoding = 4; lastKnownFileType = sourcecode.c.h; path = CameraTransitionExampleFactory.h; sourceTree = "<group>"; };
		18997172192CA64300E0E9F1 /* ControlCityThemeExampleFactory.cpp */ = {isa = PBXFileReference; fileEncoding = 4; lastKnownFileType = sourcecode.cpp.cpp; path = ControlCityThemeExampleFactory.cpp; sourceTree = "<group>"; };
		18997173192CA64300E0E9F1 /* ControlCityThemeExampleFactory.h */ = {isa = PBXFileReference; fileEncoding = 4; lastKnownFileType = sourcecode.c.h; path = ControlCityThemeExampleFactory.h; sourceTree = "<group>"; };
		18997175192CA6FE00E0E9F1 /* DebugPrimitiveRenderingExampleFactory.cpp */ = {isa = PBXFileReference; fileEncoding = 4; lastKnownFileType = sourcecode.cpp.cpp; path = DebugPrimitiveRenderingExampleFactory.cpp; sourceTree = "<group>"; };
		18997176192CA6FE00E0E9F1 /* DebugPrimitiveRenderingExampleFactory.h */ = {isa = PBXFileReference; fileEncoding = 4; lastKnownFileType = sourcecode.c.h; path = DebugPrimitiveRenderingExampleFactory.h; sourceTree = "<group>"; };
		18997178192CA77500E0E9F1 /* DebugSphereExampleFactory.cpp */ = {isa = PBXFileReference; fileEncoding = 4; lastKnownFileType = sourcecode.cpp.cpp; path = DebugSphereExampleFactory.cpp; sourceTree = "<group>"; };
		18997179192CA77500E0E9F1 /* DebugSphereExampleFactory.h */ = {isa = PBXFileReference; fileEncoding = 4; lastKnownFileType = sourcecode.c.h; path = DebugSphereExampleFactory.h; sourceTree = "<group>"; };
		1899717B192CAA0500E0E9F1 /* DynamicText3DExampleFactory.cpp */ = {isa = PBXFileReference; fileEncoding = 4; lastKnownFileType = sourcecode.cpp.cpp; path = DynamicText3DExampleFactory.cpp; sourceTree = "<group>"; };
		1899717C192CAA0500E0E9F1 /* DynamicText3DExampleFactory.h */ = {isa = PBXFileReference; fileEncoding = 4; lastKnownFileType = sourcecode.c.h; path = DynamicText3DExampleFactory.h; sourceTree = "<group>"; };
		1899717E192CAA8C00E0E9F1 /* EnvironmentFlatteningExampleFactory.cpp */ = {isa = PBXFileReference; fileEncoding = 4; lastKnownFileType = sourcecode.cpp.cpp; path = EnvironmentFlatteningExampleFactory.cpp; sourceTree = "<group>"; };
		1899717F192CAA8C00E0E9F1 /* EnvironmentFlatteningExampleFactory.h */ = {isa = PBXFileReference; fileEncoding = 4; lastKnownFileType = sourcecode.c.h; path = EnvironmentFlatteningExampleFactory.h; sourceTree = "<group>"; };
		18997181192CABBE00E0E9F1 /* EnvironmentNotifierExampleFactory.cpp */ = {isa = PBXFileReference; fileEncoding = 4; lastKnownFileType = sourcecode.cpp.cpp; path = EnvironmentNotifierExampleFactory.cpp; sourceTree = "<group>"; };
		18997182192CABBE00E0E9F1 /* EnvironmentNotifierExampleFactory.h */ = {isa = PBXFileReference; fileEncoding = 4; lastKnownFileType = sourcecode.c.h; path = EnvironmentNotifierExampleFactory.h; sourceTree = "<group>"; };
		18997184192CAC5400E0E9F1 /* FileIOExampleFactory.cpp */ = {isa = PBXFileReference; fileEncoding = 4; lastKnownFileType = sourcecode.cpp.cpp; path = FileIOExampleFactory.cpp; sourceTree = "<group>"; };
		18997185192CAC5400E0E9F1 /* FileIOExampleFactory.h */ = {isa = PBXFileReference; fileEncoding = 4; lastKnownFileType = sourcecode.c.h; path = FileIOExampleFactory.h; sourceTree = "<group>"; };
		18997187192CACDD00E0E9F1 /* KeyboardInputExampleFactory.cpp */ = {isa = PBXFileReference; fileEncoding = 4; lastKnownFileType = sourcecode.cpp.cpp; path = KeyboardInputExampleFactory.cpp; sourceTree = "<group>"; };
		18997188192CACDD00E0E9F1 /* KeyboardInputExampleFactory.h */ = {isa = PBXFileReference; fileEncoding = 4; lastKnownFileType = sourcecode.c.h; path = KeyboardInputExampleFactory.h; sourceTree = "<group>"; };
		1899718A192CAD9800E0E9F1 /* LoadModelExampleFactory.cpp */ = {isa = PBXFileReference; fileEncoding = 4; lastKnownFileType = sourcecode.cpp.cpp; path = LoadModelExampleFactory.cpp; sourceTree = "<group>"; };
		1899718B192CAD9800E0E9F1 /* LoadModelExampleFactory.h */ = {isa = PBXFileReference; fileEncoding = 4; lastKnownFileType = sourcecode.c.h; path = LoadModelExampleFactory.h; sourceTree = "<group>"; };
		1899718D192CAE7E00E0E9F1 /* ModifiedRenderingExampleFactory.cpp */ = {isa = PBXFileReference; fileEncoding = 4; lastKnownFileType = sourcecode.cpp.cpp; path = ModifiedRenderingExampleFactory.cpp; sourceTree = "<group>"; };
		1899718E192CAE7E00E0E9F1 /* ModifiedRenderingExampleFactory.h */ = {isa = PBXFileReference; fileEncoding = 4; lastKnownFileType = sourcecode.c.h; path = ModifiedRenderingExampleFactory.h; sourceTree = "<group>"; };
		18997190192CAF5F00E0E9F1 /* NavigationGraphExampleFactory.cpp */ = {isa = PBXFileReference; fileEncoding = 4; lastKnownFileType = sourcecode.cpp.cpp; path = NavigationGraphExampleFactory.cpp; sourceTree = "<group>"; };
		18997191192CAF5F00E0E9F1 /* NavigationGraphExampleFactory.h */ = {isa = PBXFileReference; fileEncoding = 4; lastKnownFileType = sourcecode.c.h; path = NavigationGraphExampleFactory.h; sourceTree = "<group>"; };
		18997193192CAFED00E0E9F1 /* Pick3DObjectExampleFactory.cpp */ = {isa = PBXFileReference; fileEncoding = 4; lastKnownFileType = sourcecode.cpp.cpp; path = Pick3DObjectExampleFactory.cpp; sourceTree = "<group>"; };
		18997194192CAFED00E0E9F1 /* Pick3DObjectExampleFactory.h */ = {isa = PBXFileReference; fileEncoding = 4; lastKnownFileType = sourcecode.c.h; path = Pick3DObjectExampleFactory.h; sourceTree = "<group>"; };
		18997196192CB08A00E0E9F1 /* PinOverModelExampleFactory.cpp */ = {isa = PBXFileReference; fileEncoding = 4; lastKnownFileType = sourcecode.cpp.cpp; path = PinOverModelExampleFactory.cpp; sourceTree = "<group>"; };
		18997197192CB08A00E0E9F1 /* PinOverModelExampleFactory.h */ = {isa = PBXFileReference; fileEncoding = 4; lastKnownFileType = sourcecode.c.h; path = PinOverModelExampleFactory.h; sourceTree = "<group>"; };
		18997199192CB17100E0E9F1 /* PinsExampleFactory.cpp */ = {isa = PBXFileReference; fileEncoding = 4; lastKnownFileType = sourcecode.cpp.cpp; path = PinsExampleFactory.cpp; sourceTree = "<group>"; };
		1899719A192CB17100E0E9F1 /* PinsExampleFactory.h */ = {isa = PBXFileReference; fileEncoding = 4; lastKnownFileType = sourcecode.c.h; path = PinsExampleFactory.h; sourceTree = "<group>"; };
		1899719C192CB24B00E0E9F1 /* PODAnimationExampleFactory.cpp */ = {isa = PBXFileReference; fileEncoding = 4; lastKnownFileType = sourcecode.cpp.cpp; path = PODAnimationExampleFactory.cpp; sourceTree = "<group>"; };
		1899719D192CB24B00E0E9F1 /* PODAnimationExampleFactory.h */ = {isa = PBXFileReference; fileEncoding = 4; lastKnownFileType = sourcecode.c.h; path = PODAnimationExampleFactory.h; sourceTree = "<group>"; };
		1899719F192CB2D500E0E9F1 /* ResourceSpatialQueryExampleFactory.cpp */ = {isa = PBXFileReference; fileEncoding = 4; lastKnownFileType = sourcecode.cpp.cpp; path = ResourceSpatialQueryExampleFactory.cpp; sourceTree = "<group>"; };
		189971A0192CB2D500E0E9F1 /* ResourceSpatialQueryExampleFactory.h */ = {isa = PBXFileReference; fileEncoding = 4; lastKnownFileType = sourcecode.c.h; path = ResourceSpatialQueryExampleFactory.h; sourceTree = "<group>"; };
		189971A2192CB35600E0E9F1 /* RouteDrawingExampleFactory.cpp */ = {isa = PBXFileReference; fileEncoding = 4; lastKnownFileType = sourcecode.cpp.cpp; path = RouteDrawingExampleFactory.cpp; sourceTree = "<group>"; };
		189971A3192CB35600E0E9F1 /* RouteDrawingExampleFactory.h */ = {isa = PBXFileReference; fileEncoding = 4; lastKnownFileType = sourcecode.c.h; path = RouteDrawingExampleFactory.h; sourceTree = "<group>"; };
		189971A5192CB3F800E0E9F1 /* RouteSimulationAnimationExampleFactory.cpp */ = {isa = PBXFileReference; fileEncoding = 4; lastKnownFileType = sourcecode.cpp.cpp; path = RouteSimulationAnimationExampleFactory.cpp; sourceTree = "<group>"; };
		189971A6192CB3F800E0E9F1 /* RouteSimulationAnimationExampleFactory.h */ = {isa = PBXFileReference; fileEncoding = 4; lastKnownFileType = sourcecode.c.h; path = RouteSimulationAnimationExampleFactory.h; sourceTree = "<group>"; };
		189971A8192CB4D900E0E9F1 /* RouteThicknessPolicyExampleFactory.cpp */ = {isa = PBXFileReference; fileEncoding = 4; lastKnownFileType = sourcecode.cpp.cpp; path = RouteThicknessPolicyExampleFactory.cpp; sourceTree = "<group>"; };
		189971A9192CB4D900E0E9F1 /* RouteThicknessPolicyExampleFactory.h */ = {isa = PBXFileReference; fileEncoding = 4; lastKnownFileType = sourcecode.c.h; path = RouteThicknessPolicyExampleFactory.h; sourceTree = "<group>"; };
		189971AB192CB59F00E0E9F1 /* ScreenPickExampleFactory.cpp */ = {isa = PBXFileReference; fileEncoding = 4; lastKnownFileType = sourcecode.cpp.cpp; path = ScreenPickExampleFactory.cpp; sourceTree = "<group>"; };
		189971AC192CB59F00E0E9F1 /* ScreenPickExampleFactory.h */ = {isa = PBXFileReference; fileEncoding = 4; lastKnownFileType = sourcecode.c.h; path = ScreenPickExampleFactory.h; sourceTree = "<group>"; };
		189971AE192CB63500E0E9F1 /* ScreenUnprojectExampleFactory.cpp */ = {isa = PBXFileReference; fileEncoding = 4; lastKnownFileType = sourcecode.cpp.cpp; path = ScreenUnprojectExampleFactory.cpp; sourceTree = "<group>"; };
		189971AF192CB63500E0E9F1 /* ScreenUnprojectExampleFactory.h */ = {isa = PBXFileReference; fileEncoding = 4; lastKnownFileType = sourcecode.c.h; path = ScreenUnprojectExampleFactory.h; sourceTree = "<group>"; };
		189971B1192CB6A100E0E9F1 /* SearchExampleFactory.cpp */ = {isa = PBXFileReference; fileEncoding = 4; lastKnownFileType = sourcecode.cpp.cpp; path = SearchExampleFactory.cpp; sourceTree = "<group>"; };
		189971B2192CB6A100E0E9F1 /* SearchExampleFactory.h */ = {isa = PBXFileReference; fileEncoding = 4; lastKnownFileType = sourcecode.c.h; path = SearchExampleFactory.h; sourceTree = "<group>"; };
		189971B4192CB77A00E0E9F1 /* SingleCityExampleFactory.cpp */ = {isa = PBXFileReference; fileEncoding = 4; lastKnownFileType = sourcecode.cpp.cpp; path = SingleCityExampleFactory.cpp; sourceTree = "<group>"; };
		189971B5192CB77A00E0E9F1 /* SingleCityExampleFactory.h */ = {isa = PBXFileReference; fileEncoding = 4; lastKnownFileType = sourcecode.c.h; path = SingleCityExampleFactory.h; sourceTree = "<group>"; };
		189971B7192CB83E00E0E9F1 /* ToggleTrafficExampleFactory.cpp */ = {isa = PBXFileReference; fileEncoding = 4; lastKnownFileType = sourcecode.cpp.cpp; path = ToggleTrafficExampleFactory.cpp; sourceTree = "<group>"; };
		189971B8192CB83E00E0E9F1 /* ToggleTrafficExampleFactory.h */ = {isa = PBXFileReference; fileEncoding = 4; lastKnownFileType = sourcecode.c.h; path = ToggleTrafficExampleFactory.h; sourceTree = "<group>"; };
		189971BA192CB8B800E0E9F1 /* TrafficCongestionExampleFactory.cpp */ = {isa = PBXFileReference; fileEncoding = 4; lastKnownFileType = sourcecode.cpp.cpp; path = TrafficCongestionExampleFactory.cpp; sourceTree = "<group>"; };
		189971BB192CB8B800E0E9F1 /* TrafficCongestionExampleFactory.h */ = {isa = PBXFileReference; fileEncoding = 4; lastKnownFileType = sourcecode.c.h; path = TrafficCongestionExampleFactory.h; sourceTree = "<group>"; };
		189971BD192CB93200E0E9F1 /* WebRequestExampleFactory.cpp */ = {isa = PBXFileReference; fileEncoding = 4; lastKnownFileType = sourcecode.cpp.cpp; path = WebRequestExampleFactory.cpp; sourceTree = "<group>"; };
		189971BE192CB93200E0E9F1 /* WebRequestExampleFactory.h */ = {isa = PBXFileReference; fileEncoding = 4; lastKnownFileType = sourcecode.c.h; path = WebRequestExampleFactory.h; sourceTree = "<group>"; };
		189971C0192CBFFE00E0E9F1 /* RouteMatchingExampleFactory.cpp */ = {isa = PBXFileReference; fileEncoding = 4; lastKnownFileType = sourcecode.cpp.cpp; path = RouteMatchingExampleFactory.cpp; sourceTree = "<group>"; };
		189971C1192CBFFE00E0E9F1 /* RouteMatchingExampleFactory.h */ = {isa = PBXFileReference; fileEncoding = 4; lastKnownFileType = sourcecode.c.h; path = RouteMatchingExampleFactory.h; sourceTree = "<group>"; };
		189971C3192CC21600E0E9F1 /* RouteSimulationExampleFactory.cpp */ = {isa = PBXFileReference; fileEncoding = 4; lastKnownFileType = sourcecode.cpp.cpp; path = RouteSimulationExampleFactory.cpp; sourceTree = "<group>"; };
		189971C4192CC21600E0E9F1 /* RouteSimulationExampleFactory.h */ = {isa = PBXFileReference; fileEncoding = 4; lastKnownFileType = sourcecode.c.h; path = RouteSimulationExampleFactory.h; sourceTree = "<group>"; };
		189971C6192CCB7700E0E9F1 /* ExampleController.cpp */ = {isa = PBXFileReference; fileEncoding = 4; lastKnownFileType = sourcecode.cpp.cpp; path = ExampleController.cpp; sourceTree = "<group>"; };
		189971C7192CCB7700E0E9F1 /* ExampleController.h */ = {isa = PBXFileReference; fileEncoding = 4; lastKnownFileType = sourcecode.c.h; path = ExampleController.h; sourceTree = "<group>"; };
		18AB38E4192B71F100F15546 /* UIHelpers.cpp */ = {isa = PBXFileReference; fileEncoding = 4; lastKnownFileType = sourcecode.cpp.cpp; path = UIHelpers.cpp; sourceTree = "<group>"; };
		18AB38E7192B729F00F15546 /* ExampleApp.h */ = {isa = PBXFileReference; fileEncoding = 4; lastKnownFileType = sourcecode.c.h; path = ExampleApp.h; sourceTree = "<group>"; };
		18AB38E8192B729F00F15546 /* ExampleApp.cpp */ = {isa = PBXFileReference; fileEncoding = 4; lastKnownFileType = sourcecode.cpp.cpp; path = ExampleApp.cpp; sourceTree = "<group>"; };
		18AB38EB192B729F00F15546 /* iOSRouteMatchingExampleView.h */ = {isa = PBXFileReference; fileEncoding = 4; lastKnownFileType = sourcecode.c.h; path = iOSRouteMatchingExampleView.h; sourceTree = "<group>"; };
		18AB38EC192B729F00F15546 /* iOSRouteMatchingExampleView.mm */ = {isa = PBXFileReference; fileEncoding = 4; lastKnownFileType = sourcecode.cpp.objcpp; path = iOSRouteMatchingExampleView.mm; sourceTree = "<group>"; };
		18AB38ED192B729F00F15546 /* iOSRouteMatchingExampleViewFactory.h */ = {isa = PBXFileReference; fileEncoding = 4; lastKnownFileType = sourcecode.c.h; path = iOSRouteMatchingExampleViewFactory.h; sourceTree = "<group>"; };
		18AB38EE192B729F00F15546 /* iOSRouteMatchingExampleViewFactory.mm */ = {isa = PBXFileReference; fileEncoding = 4; lastKnownFileType = sourcecode.cpp.objcpp; path = iOSRouteMatchingExampleViewFactory.mm; sourceTree = "<group>"; };
		18AB38F0192B729F00F15546 /* iOSRouteSimulationExampleView.h */ = {isa = PBXFileReference; fileEncoding = 4; lastKnownFileType = sourcecode.c.h; path = iOSRouteSimulationExampleView.h; sourceTree = "<group>"; };
		18AB38F1192B729F00F15546 /* iOSRouteSimulationExampleView.mm */ = {isa = PBXFileReference; fileEncoding = 4; lastKnownFileType = sourcecode.cpp.objcpp; path = iOSRouteSimulationExampleView.mm; sourceTree = "<group>"; };
		18AB38F2192B729F00F15546 /* iOSRouteSimulationExampleViewFactory.h */ = {isa = PBXFileReference; fileEncoding = 4; lastKnownFileType = sourcecode.c.h; path = iOSRouteSimulationExampleViewFactory.h; sourceTree = "<group>"; };
		18AB38F3192B729F00F15546 /* iOSRouteSimulationExampleViewFactory.mm */ = {isa = PBXFileReference; fileEncoding = 4; lastKnownFileType = sourcecode.cpp.objcpp; path = iOSRouteSimulationExampleViewFactory.mm; sourceTree = "<group>"; };
		18AB38F4192B729F00F15546 /* Logger.h */ = {isa = PBXFileReference; fileEncoding = 4; lastKnownFileType = sourcecode.c.h; path = Logger.h; sourceTree = "<group>"; };
		18AB38F5192B729F00F15546 /* Main.m */ = {isa = PBXFileReference; fileEncoding = 4; lastKnownFileType = sourcecode.c.objc; path = Main.m; sourceTree = "<group>"; };
		18AB38F6192B729F00F15546 /* ViewController.h */ = {isa = PBXFileReference; fileEncoding = 4; lastKnownFileType = sourcecode.c.h; path = ViewController.h; sourceTree = "<group>"; };
		18AB38F7192B729F00F15546 /* ViewController.mm */ = {isa = PBXFileReference; fileEncoding = 4; lastKnownFileType = sourcecode.cpp.objcpp; path = ViewController.mm; sourceTree = "<group>"; };
		18EC760517BA421E0011EEE6 /* recce_trams.pod */ = {isa = PBXFileReference; lastKnownFileType = file; path = recce_trams.pod; sourceTree = "<group>"; };
		18EC760617BA421E0011EEE6 /* recce_trams.pvr */ = {isa = PBXFileReference; lastKnownFileType = file; path = recce_trams.pvr; sourceTree = "<group>"; };
		2264D692177DA5870016C3ED /* ldn_trains_01.pod */ = {isa = PBXFileReference; lastKnownFileType = file; path = ldn_trains_01.pod; sourceTree = "<group>"; };
		2264D693177DA5870016C3ED /* ldn_trains_01.pvr */ = {isa = PBXFileReference; lastKnownFileType = file; path = ldn_trains_01.pvr; sourceTree = "<group>"; };
		5660954718B3BCF00090B857 /* BoxCharacter.pod */ = {isa = PBXFileReference; lastKnownFileType = file; name = BoxCharacter.pod; path = CharacterAnimation/BoxCharacter.pod; sourceTree = "<group>"; };
		5660954818B3BCF00090B857 /* BoxCharacter.pvr */ = {isa = PBXFileReference; lastKnownFileType = file; name = BoxCharacter.pvr; path = CharacterAnimation/BoxCharacter.pvr; sourceTree = "<group>"; };
		59A943C0183A5CE2000AB7BD /* PinIconTexturePage.png */ = {isa = PBXFileReference; lastKnownFileType = image.png; path = PinIconTexturePage.png; sourceTree = "<group>"; };
		59C09E61189BCAF700CC3751 /* alpha_disc_material.png */ = {isa = PBXFileReference; lastKnownFileType = image.png; path = alpha_disc_material.png; sourceTree = "<group>"; };
		59C09E62189BCAF700CC3751 /* alpha_material.png */ = {isa = PBXFileReference; lastKnownFileType = image.png; path = alpha_material.png; sourceTree = "<group>"; };
		59C09E63189BCAF700CC3751 /* sanfrancisco_vehicles_alpha.POD */ = {isa = PBXFileReference; lastKnownFileType = file; path = sanfrancisco_vehicles_alpha.POD; sourceTree = "<group>"; };
		7E43D7D9179434D400101629 /* ldn_trains_night_01.pod */ = {isa = PBXFileReference; lastKnownFileType = file; path = ldn_trains_night_01.pod; sourceTree = "<group>"; };
		7E43D7DA179434D400101629 /* ldn_trains_Night_01.pvr */ = {isa = PBXFileReference; lastKnownFileType = file; path = ldn_trains_Night_01.pvr; sourceTree = "<group>"; };
		7E43D7DB179434D400101629 /* sf_planes_01.pod */ = {isa = PBXFileReference; lastKnownFileType = file; path = sf_planes_01.pod; sourceTree = "<group>"; };
		7E43D7DC179434D400101629 /* sf_planes_01.pvr */ = {isa = PBXFileReference; lastKnownFileType = file; path = sf_planes_01.pvr; sourceTree = "<group>"; };
		7E43D7DD179434D400101629 /* sf_planes_night_01.pod */ = {isa = PBXFileReference; lastKnownFileType = file; path = sf_planes_night_01.pod; sourceTree = "<group>"; };
		7E43D7DE179434D400101629 /* sf_planes_night_01.pvr */ = {isa = PBXFileReference; lastKnownFileType = file; path = sf_planes_night_01.pvr; sourceTree = "<group>"; };
		7E43D7DF179434D400101629 /* sf_vehicles_01.pvr */ = {isa = PBXFileReference; lastKnownFileType = file; path = sf_vehicles_01.pvr; sourceTree = "<group>"; };
		7E43D7E0179434D400101629 /* sf_vehicles_Night_01.pvr */ = {isa = PBXFileReference; lastKnownFileType = file; path = sf_vehicles_Night_01.pvr; sourceTree = "<group>"; };
		7E43D7E1179434D400101629 /* Vehicles_SF_Day.pod */ = {isa = PBXFileReference; lastKnownFileType = file; path = Vehicles_SF_Day.pod; sourceTree = "<group>"; };
		7E43D7E2179434D400101629 /* Vehicles_SF_Night.pod */ = {isa = PBXFileReference; lastKnownFileType = file; path = Vehicles_SF_Night.pod; sourceTree = "<group>"; };
		7E75EE1D16848B8A00BCA283 /* libapps-on-maps-sim.a */ = {isa = PBXFileReference; lastKnownFileType = archive.ar; name = "libapps-on-maps-sim.a"; path = "Include/libapps-on-maps-sim.a"; sourceTree = "<group>"; };
		7ED145961820212A0018218E /* placeholder_no_data.pvr */ = {isa = PBXFileReference; lastKnownFileType = file; path = placeholder_no_data.pvr; sourceTree = "<group>"; };
		7EE481E616836F370006E99B /* ExampleApp.app */ = {isa = PBXFileReference; explicitFileType = wrapper.application; includeInIndex = 0; path = ExampleApp.app; sourceTree = BUILT_PRODUCTS_DIR; };
		7EE481EA16836F370006E99B /* UIKit.framework */ = {isa = PBXFileReference; lastKnownFileType = wrapper.framework; name = UIKit.framework; path = System/Library/Frameworks/UIKit.framework; sourceTree = SDKROOT; };
		7EE481EC16836F370006E99B /* Foundation.framework */ = {isa = PBXFileReference; lastKnownFileType = wrapper.framework; name = Foundation.framework; path = System/Library/Frameworks/Foundation.framework; sourceTree = SDKROOT; };
		7EE481EE16836F370006E99B /* CoreGraphics.framework */ = {isa = PBXFileReference; lastKnownFileType = wrapper.framework; name = CoreGraphics.framework; path = System/Library/Frameworks/CoreGraphics.framework; sourceTree = SDKROOT; };
		7EE481F016836F370006E99B /* CoreData.framework */ = {isa = PBXFileReference; lastKnownFileType = wrapper.framework; name = CoreData.framework; path = System/Library/Frameworks/CoreData.framework; sourceTree = SDKROOT; };
		7EE481F416836F370006E99B /* ExampleApp-Info.plist */ = {isa = PBXFileReference; lastKnownFileType = text.plist.xml; path = "ExampleApp-Info.plist"; sourceTree = "<group>"; };
		7EE481F616836F370006E99B /* en */ = {isa = PBXFileReference; lastKnownFileType = text.plist.strings; name = en; path = en.lproj/InfoPlist.strings; sourceTree = "<group>"; };
		7EE481FA16836F370006E99B /* ExampleApp-Prefix.pch */ = {isa = PBXFileReference; lastKnownFileType = sourcecode.c.h; path = "ExampleApp-Prefix.pch"; sourceTree = "<group>"; };
		7EE4820D1683713B0006E99B /* en */ = {isa = PBXFileReference; lastKnownFileType = file.storyboard; name = en; path = en.lproj/MainStoryboard_iPhone.storyboard; sourceTree = "<group>"; };
		7EE48210168371460006E99B /* en */ = {isa = PBXFileReference; lastKnownFileType = file.storyboard; name = en; path = en.lproj/MainStoryboard_iPad.storyboard; sourceTree = "<group>"; };
		7EE48223168373E20006E99B /* libapps-on-maps.a */ = {isa = PBXFileReference; explicitFileType = "compiled.mach-o.objfile"; name = "libapps-on-maps.a"; path = "Include/libapps-on-maps.a"; sourceTree = "<group>"; };
		7EE48224168373E20006E99B /* libturbojpeg.a */ = {isa = PBXFileReference; explicitFileType = "compiled.mach-o.objfile"; name = libturbojpeg.a; path = Include/libturbojpeg.a; sourceTree = "<group>"; };
		7EE4824B168476BA0006E99B /* GLKit.framework */ = {isa = PBXFileReference; lastKnownFileType = wrapper.framework; name = GLKit.framework; path = System/Library/Frameworks/GLKit.framework; sourceTree = SDKROOT; };
		7EE4824C168476BA0006E99B /* OpenGLES.framework */ = {isa = PBXFileReference; lastKnownFileType = wrapper.framework; name = OpenGLES.framework; path = System/Library/Frameworks/OpenGLES.framework; sourceTree = SDKROOT; };
		7EE48250168476EC0006E99B /* CFNetwork.framework */ = {isa = PBXFileReference; lastKnownFileType = wrapper.framework; name = CFNetwork.framework; path = System/Library/Frameworks/CFNetwork.framework; sourceTree = SDKROOT; };
		7EE48252168477510006E99B /* SystemConfiguration.framework */ = {isa = PBXFileReference; lastKnownFileType = wrapper.framework; name = SystemConfiguration.framework; path = System/Library/Frameworks/SystemConfiguration.framework; sourceTree = SDKROOT; };
		7EE48255168477A80006E99B /* MobileCoreServices.framework */ = {isa = PBXFileReference; lastKnownFileType = wrapper.framework; name = MobileCoreServices.framework; path = System/Library/Frameworks/MobileCoreServices.framework; sourceTree = SDKROOT; };
		7EE48257168477CB0006E99B /* libz.dylib */ = {isa = PBXFileReference; lastKnownFileType = "compiled.mach-o.dylib"; name = libz.dylib; path = usr/lib/libz.dylib; sourceTree = SDKROOT; };
		7EE4827816847E7C0006E99B /* SanFrancisco_Vehicles.pod */ = {isa = PBXFileReference; lastKnownFileType = file; path = SanFrancisco_Vehicles.pod; sourceTree = "<group>"; };
		7EE4829216847E7C0006E99B /* AppIcone_iPad_72X72.png */ = {isa = PBXFileReference; lastKnownFileType = image.png; path = AppIcone_iPad_72X72.png; sourceTree = "<group>"; };
		7EE4829316847E7C0006E99B /* AppIcone_iPad_Retina_144X144.png */ = {isa = PBXFileReference; lastKnownFileType = image.png; path = AppIcone_iPad_Retina_144X144.png; sourceTree = "<group>"; };
		7EE4829416847E7C0006E99B /* AppIcone_iPhone_57X57.png */ = {isa = PBXFileReference; lastKnownFileType = image.png; path = AppIcone_iPhone_57X57.png; sourceTree = "<group>"; };
		7EE4829516847E7C0006E99B /* AppIcone_iPhone_Retina_114X114.png */ = {isa = PBXFileReference; lastKnownFileType = image.png; path = AppIcone_iPhone_Retina_114X114.png; sourceTree = "<group>"; };
		7EE4829616847E7C0006E99B /* Default-Landscape@2x~ipad.png */ = {isa = PBXFileReference; lastKnownFileType = image.png; path = "Default-Landscape@2x~ipad.png"; sourceTree = "<group>"; };
		7EE4829716847E7C0006E99B /* Default-Landscape~ipad.png */ = {isa = PBXFileReference; lastKnownFileType = image.png; path = "Default-Landscape~ipad.png"; sourceTree = "<group>"; };
		7EE4829816847E7C0006E99B /* Default-Portrait@2x~ipad.png */ = {isa = PBXFileReference; lastKnownFileType = image.png; path = "Default-Portrait@2x~ipad.png"; sourceTree = "<group>"; };
		7EE4829916847E7C0006E99B /* Default-Portrait~ipad.png */ = {isa = PBXFileReference; lastKnownFileType = image.png; path = "Default-Portrait~ipad.png"; sourceTree = "<group>"; };
		7EE4829A16847E7C0006E99B /* Default.png */ = {isa = PBXFileReference; lastKnownFileType = image.png; path = Default.png; sourceTree = "<group>"; };
		7EE4829B16847E7C0006E99B /* Default@2x.png */ = {isa = PBXFileReference; lastKnownFileType = image.png; path = "Default@2x.png"; sourceTree = "<group>"; };
		7EE4829C16847E7C0006E99B /* occupied_cells.txt */ = {isa = PBXFileReference; fileEncoding = 4; lastKnownFileType = text; path = occupied_cells.txt; sourceTree = "<group>"; };
		7EE482B916847E7C0006E99B /* SanFrancisco_Vehicles.pod */ = {isa = PBXFileReference; lastKnownFileType = file; path = SanFrancisco_Vehicles.pod; sourceTree = "<group>"; };
		7EE482F016847E7C0006E99B /* Vehicles_01.pvr */ = {isa = PBXFileReference; lastKnownFileType = file; path = Vehicles_01.pvr; sourceTree = "<group>"; };
		7EF5D8641737F9A40049D787 /* CoreLocation.framework */ = {isa = PBXFileReference; lastKnownFileType = wrapper.framework; name = CoreLocation.framework; path = System/Library/Frameworks/CoreLocation.framework; sourceTree = SDKROOT; };
		E03F3E48184E43BD002FF534 /* FrankBold50_A8_icons_0.png */ = {isa = PBXFileReference; lastKnownFileType = image.png; path = FrankBold50_A8_icons_0.png; sourceTree = "<group>"; };
		E03F3E49184E43BD002FF534 /* FrankBold50_A8_icons.fnt */ = {isa = PBXFileReference; fileEncoding = 4; lastKnownFileType = text; path = FrankBold50_A8_icons.fnt; sourceTree = "<group>"; };
/* End PBXFileReference section */

/* Begin PBXFrameworksBuildPhase section */
		7EE481E316836F370006E99B /* Frameworks */ = {
			isa = PBXFrameworksBuildPhase;
			buildActionMask = 2147483647;
			files = (
				182E453B18C92FA900F9DD92 /* libapps-on-maps-sim.a in Frameworks */,
				182E453C18C92FA900F9DD92 /* libapps-on-maps.a in Frameworks */,
				7EF5D8651737F9A40049D787 /* CoreLocation.framework in Frameworks */,
				7EE48258168477CB0006E99B /* libz.dylib in Frameworks */,
				7EE48256168477A80006E99B /* MobileCoreServices.framework in Frameworks */,
				7EE48254168477600006E99B /* SystemConfiguration.framework in Frameworks */,
				7EE48251168476EC0006E99B /* CFNetwork.framework in Frameworks */,
				7EE4824D168476BA0006E99B /* GLKit.framework in Frameworks */,
				7EE4824E168476BA0006E99B /* OpenGLES.framework in Frameworks */,
				7EE481EB16836F370006E99B /* UIKit.framework in Frameworks */,
				7EE481ED16836F370006E99B /* Foundation.framework in Frameworks */,
				7EE481EF16836F370006E99B /* CoreGraphics.framework in Frameworks */,
				7EE481F116836F370006E99B /* CoreData.framework in Frameworks */,
				7EE48226168373E20006E99B /* libturbojpeg.a in Frameworks */,
			);
			runOnlyForDeploymentPostprocessing = 0;
		};
/* End PBXFrameworksBuildPhase section */

/* Begin PBXGroup section */
		18143846192B6E4500BCDF2E /* src */ = {
			isa = PBXGroup;
			children = (
				18143847192B6E4500BCDF2E /* Examples */,
			);
			name = src;
			path = ../../src;
			sourceTree = "<group>";
		};
		18143847192B6E4500BCDF2E /* Examples */ = {
			isa = PBXGroup;
			children = (
				189971C6192CCB7700E0E9F1 /* ExampleController.cpp */,
				189971C7192CCB7700E0E9F1 /* ExampleController.h */,
				18143848192B6E4500BCDF2E /* CameraTransition */,
				1814384B192B6E4500BCDF2E /* ControlCityThemes */,
				1814384E192B6E4500BCDF2E /* DebugPrimitiveRendering */,
				18143851192B6E4500BCDF2E /* DebugSphere */,
				18143854192B6E4500BCDF2E /* DynamicText3D */,
				18143857192B6E4500BCDF2E /* EnvironmentFlattening */,
				1814385A192B6E4500BCDF2E /* EnvironmentNotifier */,
				1814385D192B6E4500BCDF2E /* FileIO */,
				18143860192B6E4500BCDF2E /* IExample.h */,
				18997164192C8E9900E0E9F1 /* IExampleFactory.h */,
				18143862192B6E4500BCDF2E /* KeyboardInput */,
				18143865192B6E4500BCDF2E /* LoadModel */,
				18143868192B6E4500BCDF2E /* ModifiedRendering */,
				1814386B192B6E4500BCDF2E /* NavigationGraph */,
				1814386E192B6E4500BCDF2E /* Pick3DObject */,
				18143871192B6E4500BCDF2E /* PinOverModel */,
				18143874192B6E4500BCDF2E /* Pins */,
				18143877192B6E4500BCDF2E /* PODAnimation */,
				1814387A192B6E4500BCDF2E /* ResourceSpatialQuery */,
				1814387D192B6E4500BCDF2E /* RouteDrawing */,
				18143880192B6E4500BCDF2E /* RouteMatching */,
				18143885192B6E4500BCDF2E /* RouteSimulation */,
				1814388A192B6E4500BCDF2E /* RouteSimulationAnimation */,
				1814388D192B6E4500BCDF2E /* RouteThicknessPolicy */,
				18143890192B6E4500BCDF2E /* ScreenPick */,
				18143893192B6E4500BCDF2E /* ScreenUnproject */,
				18143896192B6E4500BCDF2E /* Search */,
				18143899192B6E4500BCDF2E /* SingleCity */,
				1814389C192B6E4500BCDF2E /* ToggleTraffic */,
				1814389F192B6E4500BCDF2E /* TrafficCongestion */,
				181438A2192B6E4500BCDF2E /* UI */,
				181438A4192B6E4500BCDF2E /* WebRequest */,
			);
			path = Examples;
			sourceTree = "<group>";
		};
		18143848192B6E4500BCDF2E /* CameraTransition */ = {
			isa = PBXGroup;
			children = (
				18143849192B6E4500BCDF2E /* CameraTransitionExample.cpp */,
				1814384A192B6E4500BCDF2E /* CameraTransitionExample.h */,
				18997168192C947D00E0E9F1 /* CameraTransitionExampleFactory.cpp */,
				18997169192C947D00E0E9F1 /* CameraTransitionExampleFactory.h */,
			);
			path = CameraTransition;
			sourceTree = "<group>";
		};
		1814384B192B6E4500BCDF2E /* ControlCityThemes */ = {
			isa = PBXGroup;
			children = (
				1814384C192B6E4500BCDF2E /* ControlCityThemeExample.cpp */,
				1814384D192B6E4500BCDF2E /* ControlCityThemeExample.h */,
				18997172192CA64300E0E9F1 /* ControlCityThemeExampleFactory.cpp */,
				18997173192CA64300E0E9F1 /* ControlCityThemeExampleFactory.h */,
			);
			path = ControlCityThemes;
			sourceTree = "<group>";
		};
		1814384E192B6E4500BCDF2E /* DebugPrimitiveRendering */ = {
			isa = PBXGroup;
			children = (
				1814384F192B6E4500BCDF2E /* DebugPrimitiveRenderingExample.cpp */,
				18143850192B6E4500BCDF2E /* DebugPrimitiveRenderingExample.h */,
				18997175192CA6FE00E0E9F1 /* DebugPrimitiveRenderingExampleFactory.cpp */,
				18997176192CA6FE00E0E9F1 /* DebugPrimitiveRenderingExampleFactory.h */,
			);
			path = DebugPrimitiveRendering;
			sourceTree = "<group>";
		};
		18143851192B6E4500BCDF2E /* DebugSphere */ = {
			isa = PBXGroup;
			children = (
				18143852192B6E4500BCDF2E /* DebugSphereExample.cpp */,
				18143853192B6E4500BCDF2E /* DebugSphereExample.h */,
				18997178192CA77500E0E9F1 /* DebugSphereExampleFactory.cpp */,
				18997179192CA77500E0E9F1 /* DebugSphereExampleFactory.h */,
			);
			path = DebugSphere;
			sourceTree = "<group>";
		};
		18143854192B6E4500BCDF2E /* DynamicText3D */ = {
			isa = PBXGroup;
			children = (
				18143855192B6E4500BCDF2E /* DynamicText3DExample.cpp */,
				18143856192B6E4500BCDF2E /* DynamicText3DExample.h */,
				1899717B192CAA0500E0E9F1 /* DynamicText3DExampleFactory.cpp */,
				1899717C192CAA0500E0E9F1 /* DynamicText3DExampleFactory.h */,
			);
			path = DynamicText3D;
			sourceTree = "<group>";
		};
		18143857192B6E4500BCDF2E /* EnvironmentFlattening */ = {
			isa = PBXGroup;
			children = (
				18143858192B6E4500BCDF2E /* EnvironmentFlatteningExample.cpp */,
				18143859192B6E4500BCDF2E /* EnvironmentFlatteningExample.h */,
				1899717E192CAA8C00E0E9F1 /* EnvironmentFlatteningExampleFactory.cpp */,
				1899717F192CAA8C00E0E9F1 /* EnvironmentFlatteningExampleFactory.h */,
			);
			path = EnvironmentFlattening;
			sourceTree = "<group>";
		};
		1814385A192B6E4500BCDF2E /* EnvironmentNotifier */ = {
			isa = PBXGroup;
			children = (
				1814385B192B6E4500BCDF2E /* EnvironmentNotifierExample.cpp */,
				1814385C192B6E4500BCDF2E /* EnvironmentNotifierExample.h */,
				18997181192CABBE00E0E9F1 /* EnvironmentNotifierExampleFactory.cpp */,
				18997182192CABBE00E0E9F1 /* EnvironmentNotifierExampleFactory.h */,
			);
			path = EnvironmentNotifier;
			sourceTree = "<group>";
		};
		1814385D192B6E4500BCDF2E /* FileIO */ = {
			isa = PBXGroup;
			children = (
				1814385E192B6E4500BCDF2E /* FileIOExample.cpp */,
				1814385F192B6E4500BCDF2E /* FileIOExample.h */,
				18997184192CAC5400E0E9F1 /* FileIOExampleFactory.cpp */,
				18997185192CAC5400E0E9F1 /* FileIOExampleFactory.h */,
			);
			path = FileIO;
			sourceTree = "<group>";
		};
		18143862192B6E4500BCDF2E /* KeyboardInput */ = {
			isa = PBXGroup;
			children = (
				18143863192B6E4500BCDF2E /* KeyboardInputExample.cpp */,
				18143864192B6E4500BCDF2E /* KeyboardInputExample.h */,
				18997187192CACDD00E0E9F1 /* KeyboardInputExampleFactory.cpp */,
				18997188192CACDD00E0E9F1 /* KeyboardInputExampleFactory.h */,
			);
			path = KeyboardInput;
			sourceTree = "<group>";
		};
		18143865192B6E4500BCDF2E /* LoadModel */ = {
			isa = PBXGroup;
			children = (
				18143866192B6E4500BCDF2E /* LoadModelExample.cpp */,
				18143867192B6E4500BCDF2E /* LoadModelExample.h */,
				1899718A192CAD9800E0E9F1 /* LoadModelExampleFactory.cpp */,
				1899718B192CAD9800E0E9F1 /* LoadModelExampleFactory.h */,
			);
			path = LoadModel;
			sourceTree = "<group>";
		};
		18143868192B6E4500BCDF2E /* ModifiedRendering */ = {
			isa = PBXGroup;
			children = (
				18143869192B6E4500BCDF2E /* ModifiedRenderingExample.cpp */,
				1814386A192B6E4500BCDF2E /* ModifiedRenderingExample.h */,
				1899718D192CAE7E00E0E9F1 /* ModifiedRenderingExampleFactory.cpp */,
				1899718E192CAE7E00E0E9F1 /* ModifiedRenderingExampleFactory.h */,
			);
			path = ModifiedRendering;
			sourceTree = "<group>";
		};
		1814386B192B6E4500BCDF2E /* NavigationGraph */ = {
			isa = PBXGroup;
			children = (
				1814386C192B6E4500BCDF2E /* NavigationGraphExample.cpp */,
				1814386D192B6E4500BCDF2E /* NavigationGraphExample.h */,
				18997190192CAF5F00E0E9F1 /* NavigationGraphExampleFactory.cpp */,
				18997191192CAF5F00E0E9F1 /* NavigationGraphExampleFactory.h */,
			);
			path = NavigationGraph;
			sourceTree = "<group>";
		};
		1814386E192B6E4500BCDF2E /* Pick3DObject */ = {
			isa = PBXGroup;
			children = (
				1814386F192B6E4500BCDF2E /* Pick3DObjectExample.cpp */,
				18143870192B6E4500BCDF2E /* Pick3DObjectExample.h */,
				18997193192CAFED00E0E9F1 /* Pick3DObjectExampleFactory.cpp */,
				18997194192CAFED00E0E9F1 /* Pick3DObjectExampleFactory.h */,
			);
			path = Pick3DObject;
			sourceTree = "<group>";
		};
		18143871192B6E4500BCDF2E /* PinOverModel */ = {
			isa = PBXGroup;
			children = (
				18143872192B6E4500BCDF2E /* PinOverModelExample.cpp */,
				18143873192B6E4500BCDF2E /* PinOverModelExample.h */,
				18997196192CB08A00E0E9F1 /* PinOverModelExampleFactory.cpp */,
				18997197192CB08A00E0E9F1 /* PinOverModelExampleFactory.h */,
			);
			path = PinOverModel;
			sourceTree = "<group>";
		};
		18143874192B6E4500BCDF2E /* Pins */ = {
			isa = PBXGroup;
			children = (
				18143875192B6E4500BCDF2E /* PinsExample.cpp */,
				18143876192B6E4500BCDF2E /* PinsExample.h */,
				18997199192CB17100E0E9F1 /* PinsExampleFactory.cpp */,
				1899719A192CB17100E0E9F1 /* PinsExampleFactory.h */,
			);
			path = Pins;
			sourceTree = "<group>";
		};
		18143877192B6E4500BCDF2E /* PODAnimation */ = {
			isa = PBXGroup;
			children = (
				18143878192B6E4500BCDF2E /* PODAnimationExample.cpp */,
				18143879192B6E4500BCDF2E /* PODAnimationExample.h */,
				1899719C192CB24B00E0E9F1 /* PODAnimationExampleFactory.cpp */,
				1899719D192CB24B00E0E9F1 /* PODAnimationExampleFactory.h */,
			);
			path = PODAnimation;
			sourceTree = "<group>";
		};
		1814387A192B6E4500BCDF2E /* ResourceSpatialQuery */ = {
			isa = PBXGroup;
			children = (
				1814387B192B6E4500BCDF2E /* ResourceSpatialQueryExample.cpp */,
				1814387C192B6E4500BCDF2E /* ResourceSpatialQueryExample.h */,
				1899719F192CB2D500E0E9F1 /* ResourceSpatialQueryExampleFactory.cpp */,
				189971A0192CB2D500E0E9F1 /* ResourceSpatialQueryExampleFactory.h */,
			);
			path = ResourceSpatialQuery;
			sourceTree = "<group>";
		};
		1814387D192B6E4500BCDF2E /* RouteDrawing */ = {
			isa = PBXGroup;
			children = (
				1814387E192B6E4500BCDF2E /* RouteDrawingExample.cpp */,
				1814387F192B6E4500BCDF2E /* RouteDrawingExample.h */,
				189971A2192CB35600E0E9F1 /* RouteDrawingExampleFactory.cpp */,
				189971A3192CB35600E0E9F1 /* RouteDrawingExampleFactory.h */,
			);
			path = RouteDrawing;
			sourceTree = "<group>";
		};
		18143880192B6E4500BCDF2E /* RouteMatching */ = {
			isa = PBXGroup;
			children = (
				18143881192B6E4500BCDF2E /* IRouteMatchingExampleView.h */,
				18143882192B6E4500BCDF2E /* IRouteMatchingExampleViewFactory.h */,
				18143883192B6E4500BCDF2E /* RouteMatchingExample.cpp */,
				18143884192B6E4500BCDF2E /* RouteMatchingExample.h */,
				189971C0192CBFFE00E0E9F1 /* RouteMatchingExampleFactory.cpp */,
				189971C1192CBFFE00E0E9F1 /* RouteMatchingExampleFactory.h */,
			);
			path = RouteMatching;
			sourceTree = "<group>";
		};
		18143885192B6E4500BCDF2E /* RouteSimulation */ = {
			isa = PBXGroup;
			children = (
				18143886192B6E4500BCDF2E /* IRouteSimulationExampleView.h */,
				18143887192B6E4500BCDF2E /* IRouteSimulationExampleViewFactory.h */,
				18143888192B6E4500BCDF2E /* RouteSimulationExample.cpp */,
				18143889192B6E4500BCDF2E /* RouteSimulationExample.h */,
				189971C3192CC21600E0E9F1 /* RouteSimulationExampleFactory.cpp */,
				189971C4192CC21600E0E9F1 /* RouteSimulationExampleFactory.h */,
			);
			path = RouteSimulation;
			sourceTree = "<group>";
		};
		1814388A192B6E4500BCDF2E /* RouteSimulationAnimation */ = {
			isa = PBXGroup;
			children = (
				1814388B192B6E4500BCDF2E /* RouteSimulationAnimationExample.cpp */,
				1814388C192B6E4500BCDF2E /* RouteSimulationAnimationExample.h */,
				189971A5192CB3F800E0E9F1 /* RouteSimulationAnimationExampleFactory.cpp */,
				189971A6192CB3F800E0E9F1 /* RouteSimulationAnimationExampleFactory.h */,
			);
			path = RouteSimulationAnimation;
			sourceTree = "<group>";
		};
		1814388D192B6E4500BCDF2E /* RouteThicknessPolicy */ = {
			isa = PBXGroup;
			children = (
				1814388E192B6E4500BCDF2E /* RouteThicknessPolicyExample.cpp */,
				1814388F192B6E4500BCDF2E /* RouteThicknessPolicyExample.h */,
				189971A8192CB4D900E0E9F1 /* RouteThicknessPolicyExampleFactory.cpp */,
				189971A9192CB4D900E0E9F1 /* RouteThicknessPolicyExampleFactory.h */,
			);
			path = RouteThicknessPolicy;
			sourceTree = "<group>";
		};
		18143890192B6E4500BCDF2E /* ScreenPick */ = {
			isa = PBXGroup;
			children = (
				18143891192B6E4500BCDF2E /* ScreenPickExample.cpp */,
				18143892192B6E4500BCDF2E /* ScreenPickExample.h */,
				189971AB192CB59F00E0E9F1 /* ScreenPickExampleFactory.cpp */,
				189971AC192CB59F00E0E9F1 /* ScreenPickExampleFactory.h */,
			);
			path = ScreenPick;
			sourceTree = "<group>";
		};
		18143893192B6E4500BCDF2E /* ScreenUnproject */ = {
			isa = PBXGroup;
			children = (
				18143894192B6E4500BCDF2E /* ScreenUnprojectExample.cpp */,
				18143895192B6E4500BCDF2E /* ScreenUnprojectExample.h */,
				189971AE192CB63500E0E9F1 /* ScreenUnprojectExampleFactory.cpp */,
				189971AF192CB63500E0E9F1 /* ScreenUnprojectExampleFactory.h */,
			);
			path = ScreenUnproject;
			sourceTree = "<group>";
		};
		18143896192B6E4500BCDF2E /* Search */ = {
			isa = PBXGroup;
			children = (
				18143897192B6E4500BCDF2E /* SearchExample.cpp */,
				18143898192B6E4500BCDF2E /* SearchExample.h */,
				189971B1192CB6A100E0E9F1 /* SearchExampleFactory.cpp */,
				189971B2192CB6A100E0E9F1 /* SearchExampleFactory.h */,
			);
			path = Search;
			sourceTree = "<group>";
		};
		18143899192B6E4500BCDF2E /* SingleCity */ = {
			isa = PBXGroup;
			children = (
				1814389A192B6E4500BCDF2E /* SingleCityExample.cpp */,
				1814389B192B6E4500BCDF2E /* SingleCityExample.h */,
				189971B4192CB77A00E0E9F1 /* SingleCityExampleFactory.cpp */,
				189971B5192CB77A00E0E9F1 /* SingleCityExampleFactory.h */,
			);
			path = SingleCity;
			sourceTree = "<group>";
		};
		1814389C192B6E4500BCDF2E /* ToggleTraffic */ = {
			isa = PBXGroup;
			children = (
				1814389D192B6E4500BCDF2E /* ToggleTrafficExample.cpp */,
				1814389E192B6E4500BCDF2E /* ToggleTrafficExample.h */,
				189971B7192CB83E00E0E9F1 /* ToggleTrafficExampleFactory.cpp */,
				189971B8192CB83E00E0E9F1 /* ToggleTrafficExampleFactory.h */,
			);
			path = ToggleTraffic;
			sourceTree = "<group>";
		};
		1814389F192B6E4500BCDF2E /* TrafficCongestion */ = {
			isa = PBXGroup;
			children = (
				181438A0192B6E4500BCDF2E /* TrafficCongestionExample.cpp */,
				181438A1192B6E4500BCDF2E /* TrafficCongestionExample.h */,
				189971BA192CB8B800E0E9F1 /* TrafficCongestionExampleFactory.cpp */,
				189971BB192CB8B800E0E9F1 /* TrafficCongestionExampleFactory.h */,
			);
			path = TrafficCongestion;
			sourceTree = "<group>";
		};
		181438A2192B6E4500BCDF2E /* UI */ = {
			isa = PBXGroup;
			children = (
				181438C4192B6EAE00BCDF2E /* IUIActionHandler.h */,
				181438C5192B6EAE00BCDF2E /* UIActionHandler.h */,
				181438C6192B6FEC00BCDF2E /* UIHelpers.h */,
				18AB38E4192B71F100F15546 /* UIHelpers.cpp */,
			);
			path = UI;
			sourceTree = "<group>";
		};
		181438A4192B6E4500BCDF2E /* WebRequest */ = {
			isa = PBXGroup;
			children = (
				181438A5192B6E4500BCDF2E /* WebRequestExample.cpp */,
				181438A6192B6E4500BCDF2E /* WebRequestExample.h */,
				189971BD192CB93200E0E9F1 /* WebRequestExampleFactory.cpp */,
				189971BE192CB93200E0E9F1 /* WebRequestExampleFactory.h */,
			);
			path = WebRequest;
			sourceTree = "<group>";
		};
		18AB38E6192B729F00F15546 /* ios_src */ = {
			isa = PBXGroup;
			children = (
				18AB38E7192B729F00F15546 /* ExampleApp.h */,
				18AB38E8192B729F00F15546 /* ExampleApp.cpp */,
				18AB38E9192B729F00F15546 /* Examples */,
				18AB38F4192B729F00F15546 /* Logger.h */,
				18AB38F5192B729F00F15546 /* Main.m */,
				18AB38F6192B729F00F15546 /* ViewController.h */,
				18AB38F7192B729F00F15546 /* ViewController.mm */,
			);
			path = ios_src;
			sourceTree = SOURCE_ROOT;
		};
		18AB38E9192B729F00F15546 /* Examples */ = {
			isa = PBXGroup;
			children = (
				18AB38EA192B729F00F15546 /* RouteMatching */,
				18AB38EF192B729F00F15546 /* RouteSimulation */,
			);
			path = Examples;
			sourceTree = "<group>";
		};
		18AB38EA192B729F00F15546 /* RouteMatching */ = {
			isa = PBXGroup;
			children = (
				18AB38EB192B729F00F15546 /* iOSRouteMatchingExampleView.h */,
				18AB38EC192B729F00F15546 /* iOSRouteMatchingExampleView.mm */,
				18AB38ED192B729F00F15546 /* iOSRouteMatchingExampleViewFactory.h */,
				18AB38EE192B729F00F15546 /* iOSRouteMatchingExampleViewFactory.mm */,
			);
			path = RouteMatching;
			sourceTree = "<group>";
		};
		18AB38EF192B729F00F15546 /* RouteSimulation */ = {
			isa = PBXGroup;
			children = (
				18AB38F0192B729F00F15546 /* iOSRouteSimulationExampleView.h */,
				18AB38F1192B729F00F15546 /* iOSRouteSimulationExampleView.mm */,
				18AB38F2192B729F00F15546 /* iOSRouteSimulationExampleViewFactory.h */,
				18AB38F3192B729F00F15546 /* iOSRouteSimulationExampleViewFactory.mm */,
			);
			path = RouteSimulation;
			sourceTree = "<group>";
		};
		7EE481DB16836F360006E99B = {
			isa = PBXGroup;
			children = (
				7EF5D8641737F9A40049D787 /* CoreLocation.framework */,
				7EE4825B16847E7C0006E99B /* Resources */,
				7EE481F216836F370006E99B /* ExampleApp */,
				7EE481E916836F370006E99B /* Frameworks */,
				7EE481E716836F370006E99B /* Products */,
			);
			sourceTree = "<group>";
		};
		7EE481E716836F370006E99B /* Products */ = {
			isa = PBXGroup;
			children = (
				7EE481E616836F370006E99B /* ExampleApp.app */,
			);
			name = Products;
			sourceTree = "<group>";
		};
		7EE481E916836F370006E99B /* Frameworks */ = {
			isa = PBXGroup;
			children = (
				7EE48257168477CB0006E99B /* libz.dylib */,
				7EE48255168477A80006E99B /* MobileCoreServices.framework */,
				7EE48252168477510006E99B /* SystemConfiguration.framework */,
				7EE48250168476EC0006E99B /* CFNetwork.framework */,
				7EE4824B168476BA0006E99B /* GLKit.framework */,
				7EE4824C168476BA0006E99B /* OpenGLES.framework */,
				7EE48223168373E20006E99B /* libapps-on-maps.a */,
				7E75EE1D16848B8A00BCA283 /* libapps-on-maps-sim.a */,
				7EE48224168373E20006E99B /* libturbojpeg.a */,
				7EE481EA16836F370006E99B /* UIKit.framework */,
				7EE481EC16836F370006E99B /* Foundation.framework */,
				7EE481EE16836F370006E99B /* CoreGraphics.framework */,
				7EE481F016836F370006E99B /* CoreData.framework */,
			);
			name = Frameworks;
			sourceTree = "<group>";
		};
		7EE481F216836F370006E99B /* ExampleApp */ = {
			isa = PBXGroup;
			children = (
				18AB38E6192B729F00F15546 /* ios_src */,
				18143846192B6E4500BCDF2E /* src */,
				7EE481F316836F370006E99B /* Supporting Files */,
			);
			path = ExampleApp;
			sourceTree = "<group>";
		};
		7EE481F316836F370006E99B /* Supporting Files */ = {
			isa = PBXGroup;
			children = (
				7EE4820F168371460006E99B /* MainStoryboard_iPad.storyboard */,
				7EE4820C1683713B0006E99B /* MainStoryboard_iPhone.storyboard */,
				7EE481F416836F370006E99B /* ExampleApp-Info.plist */,
				7EE481F516836F370006E99B /* InfoPlist.strings */,
				7EE481FA16836F370006E99B /* ExampleApp-Prefix.pch */,
			);
			name = "Supporting Files";
			sourceTree = "<group>";
		};
		7EE4825B16847E7C0006E99B /* Resources */ = {
			isa = PBXGroup;
			children = (
				5660954718B3BCF00090B857 /* BoxCharacter.pod */,
				5660954818B3BCF00090B857 /* BoxCharacter.pvr */,
				59A943C0183A5CE2000AB7BD /* PinIconTexturePage.png */,
				1825103A17AFD5AD00251651 /* Test_ROBOT_ARM.pod */,
				1825103B17AFD5AD00251651 /* tex_arm.pvr */,
				1825103C17AFD5AD00251651 /* tex_base.pvr */,
				7EE4825C16847E7C0006E99B /* Common */,
				7EE4829116847E7C0006E99B /* Icons */,
				7EE4829C16847E7C0006E99B /* occupied_cells.txt */,
				7EE4829D16847E7C0006E99B /* San Fran */,
			);
			path = Resources;
			sourceTree = "<group>";
		};
		7EE4825C16847E7C0006E99B /* Common */ = {
			isa = PBXGroup;
			children = (
				7EE4825D16847E7C0006E99B /* Fonts */,
				7EE4826116847E7C0006E99B /* Textures */,
			);
			path = Common;
			sourceTree = "<group>";
		};
		7EE4825D16847E7C0006E99B /* Fonts */ = {
			isa = PBXGroup;
			children = (
				E03F3E48184E43BD002FF534 /* FrankBold50_A8_icons_0.png */,
				E03F3E49184E43BD002FF534 /* FrankBold50_A8_icons.fnt */,
			);
			path = Fonts;
			sourceTree = "<group>";
		};
		7EE4826116847E7C0006E99B /* Textures */ = {
			isa = PBXGroup;
			children = (
				18915BD217C7AF86005F24AB /* recce_trams_night.pod */,
				18EC760517BA421E0011EEE6 /* recce_trams.pod */,
				18EC760617BA421E0011EEE6 /* recce_trams.pvr */,
				7E43D7D9179434D400101629 /* ldn_trains_night_01.pod */,
				7E43D7DA179434D400101629 /* ldn_trains_Night_01.pvr */,
				7E43D7DB179434D400101629 /* sf_planes_01.pod */,
				7E43D7DC179434D400101629 /* sf_planes_01.pvr */,
				7E43D7DD179434D400101629 /* sf_planes_night_01.pod */,
				7E43D7DE179434D400101629 /* sf_planes_night_01.pvr */,
				7E43D7DF179434D400101629 /* sf_vehicles_01.pvr */,
				7E43D7E0179434D400101629 /* sf_vehicles_Night_01.pvr */,
				7E43D7E1179434D400101629 /* Vehicles_SF_Day.pod */,
				7E43D7E2179434D400101629 /* Vehicles_SF_Night.pod */,
				2264D692177DA5870016C3ED /* ldn_trains_01.pod */,
				2264D693177DA5870016C3ED /* ldn_trains_01.pvr */,
				1860B65B16CA65D90004A39D /* placeholder.pvr */,
				7ED145961820212A0018218E /* placeholder_no_data.pvr */,
				7EE4827816847E7C0006E99B /* SanFrancisco_Vehicles.pod */,
			);
			path = Textures;
			sourceTree = "<group>";
		};
		7EE4829116847E7C0006E99B /* Icons */ = {
			isa = PBXGroup;
			children = (
				7EE4829216847E7C0006E99B /* AppIcone_iPad_72X72.png */,
				7EE4829316847E7C0006E99B /* AppIcone_iPad_Retina_144X144.png */,
				7EE4829416847E7C0006E99B /* AppIcone_iPhone_57X57.png */,
				7EE4829516847E7C0006E99B /* AppIcone_iPhone_Retina_114X114.png */,
				7EE4829616847E7C0006E99B /* Default-Landscape@2x~ipad.png */,
				7EE4829716847E7C0006E99B /* Default-Landscape~ipad.png */,
				7EE4829816847E7C0006E99B /* Default-Portrait@2x~ipad.png */,
				7EE4829916847E7C0006E99B /* Default-Portrait~ipad.png */,
				7EE4829A16847E7C0006E99B /* Default.png */,
				7EE4829B16847E7C0006E99B /* Default@2x.png */,
			);
			path = Icons;
			sourceTree = "<group>";
		};
		7EE4829D16847E7C0006E99B /* San Fran */ = {
			isa = PBXGroup;
			children = (
				59C09E61189BCAF700CC3751 /* alpha_disc_material.png */,
				59C09E62189BCAF700CC3751 /* alpha_material.png */,
				59C09E63189BCAF700CC3751 /* sanfrancisco_vehicles_alpha.POD */,
				7EE482B916847E7C0006E99B /* SanFrancisco_Vehicles.pod */,
				7EE482F016847E7C0006E99B /* Vehicles_01.pvr */,
			);
			path = "San Fran";
			sourceTree = "<group>";
		};
/* End PBXGroup section */

/* Begin PBXNativeTarget section */
		7EE481E516836F370006E99B /* ExampleApp */ = {
			isa = PBXNativeTarget;
			buildConfigurationList = 7EE4820916836F370006E99B /* Build configuration list for PBXNativeTarget "ExampleApp" */;
			buildPhases = (
				7EE481E216836F370006E99B /* Sources */,
				7EE481E316836F370006E99B /* Frameworks */,
				7EE481E416836F370006E99B /* Resources */,
			);
			buildRules = (
			);
			dependencies = (
			);
			name = ExampleApp;
			productName = ExampleApp;
			productReference = 7EE481E616836F370006E99B /* ExampleApp.app */;
			productType = "com.apple.product-type.application";
		};
/* End PBXNativeTarget section */

/* Begin PBXProject section */
		7EE481DD16836F360006E99B /* Project object */ = {
			isa = PBXProject;
			attributes = {
				LastUpgradeCheck = 0450;
				ORGANIZATIONNAME = eeGeo;
			};
			buildConfigurationList = 7EE481E016836F360006E99B /* Build configuration list for PBXProject "ExampleApp" */;
			compatibilityVersion = "Xcode 3.2";
			developmentRegion = English;
			hasScannedForEncodings = 0;
			knownRegions = (
				en,
			);
			mainGroup = 7EE481DB16836F360006E99B;
			productRefGroup = 7EE481E716836F370006E99B /* Products */;
			projectDirPath = "";
			projectRoot = "";
			targets = (
				7EE481E516836F370006E99B /* ExampleApp */,
			);
		};
/* End PBXProject section */

/* Begin PBXResourcesBuildPhase section */
		7EE481E416836F370006E99B /* Resources */ = {
			isa = PBXResourcesBuildPhase;
			buildActionMask = 2147483647;
			files = (
				7EE481F716836F370006E99B /* InfoPlist.strings in Resources */,
				7EE4820E1683713B0006E99B /* MainStoryboard_iPhone.storyboard in Resources */,
				7EE48211168371460006E99B /* MainStoryboard_iPad.storyboard in Resources */,
				7EE4830E16847E7C0006E99B /* SanFrancisco_Vehicles.pod in Resources */,
				7EE4832716847E7C0006E99B /* AppIcone_iPad_72X72.png in Resources */,
				7EE4832816847E7C0006E99B /* AppIcone_iPad_Retina_144X144.png in Resources */,
				7EE4832916847E7C0006E99B /* AppIcone_iPhone_57X57.png in Resources */,
				5660954918B3BCF00090B857 /* BoxCharacter.pod in Resources */,
				7EE4832A16847E7C0006E99B /* AppIcone_iPhone_Retina_114X114.png in Resources */,
				7EE4832B16847E7C0006E99B /* Default-Landscape@2x~ipad.png in Resources */,
				7EE4832C16847E7C0006E99B /* Default-Landscape~ipad.png in Resources */,
				7EE4832D16847E7C0006E99B /* Default-Portrait@2x~ipad.png in Resources */,
				7EE4832E16847E7C0006E99B /* Default-Portrait~ipad.png in Resources */,
				7EE4832F16847E7C0006E99B /* Default.png in Resources */,
				7EE4833016847E7C0006E99B /* Default@2x.png in Resources */,
				7EE4833116847E7C0006E99B /* occupied_cells.txt in Resources */,
				E03F3E4B184E43BD002FF534 /* FrankBold50_A8_icons.fnt in Resources */,
				7ED145971820212A0018218E /* placeholder_no_data.pvr in Resources */,
				7EE4834D16847E7C0006E99B /* SanFrancisco_Vehicles.pod in Resources */,
				59C09E64189BCAF700CC3751 /* alpha_disc_material.png in Resources */,
				59C09E65189BCAF700CC3751 /* alpha_material.png in Resources */,
				59C09E66189BCAF700CC3751 /* sanfrancisco_vehicles_alpha.POD in Resources */,
				E03F3E4A184E43BD002FF534 /* FrankBold50_A8_icons_0.png in Resources */,
				7EE4838416847E7C0006E99B /* Vehicles_01.pvr in Resources */,
				1860B65C16CA65D90004A39D /* placeholder.pvr in Resources */,
				2264D694177DA5870016C3ED /* ldn_trains_01.pod in Resources */,
				5660954A18B3BCF00090B857 /* BoxCharacter.pvr in Resources */,
				2264D695177DA5870016C3ED /* ldn_trains_01.pvr in Resources */,
				7E43D7E3179434D400101629 /* ldn_trains_night_01.pod in Resources */,
				7E43D7E4179434D400101629 /* ldn_trains_Night_01.pvr in Resources */,
				7E43D7E5179434D400101629 /* sf_planes_01.pod in Resources */,
				7E43D7E6179434D400101629 /* sf_planes_01.pvr in Resources */,
				7E43D7E7179434D400101629 /* sf_planes_night_01.pod in Resources */,
				7E43D7E8179434D400101629 /* sf_planes_night_01.pvr in Resources */,
				7E43D7E9179434D400101629 /* sf_vehicles_01.pvr in Resources */,
				7E43D7EA179434D400101629 /* sf_vehicles_Night_01.pvr in Resources */,
				7E43D7EB179434D400101629 /* Vehicles_SF_Day.pod in Resources */,
				7E43D7EC179434D400101629 /* Vehicles_SF_Night.pod in Resources */,
				1825103D17AFD5AD00251651 /* Test_ROBOT_ARM.pod in Resources */,
				1825103E17AFD5AD00251651 /* tex_arm.pvr in Resources */,
				1825103F17AFD5AD00251651 /* tex_base.pvr in Resources */,
				18EC760717BA421E0011EEE6 /* recce_trams.pod in Resources */,
				18EC760817BA421E0011EEE6 /* recce_trams.pvr in Resources */,
				18915BD317C7AF86005F24AB /* recce_trams_night.pod in Resources */,
				59A943C1183A5CE2000AB7BD /* PinIconTexturePage.png in Resources */,
			);
			runOnlyForDeploymentPostprocessing = 0;
		};
/* End PBXResourcesBuildPhase section */

/* Begin PBXSourcesBuildPhase section */
		7EE481E216836F370006E99B /* Sources */ = {
			isa = PBXSourcesBuildPhase;
			buildActionMask = 2147483647;
			files = (
				189971B0192CB63500E0E9F1 /* ScreenUnprojectExampleFactory.cpp in Sources */,
				181438A8192B6E4500BCDF2E /* ControlCityThemeExample.cpp in Sources */,
				189971B6192CB77A00E0E9F1 /* SingleCityExampleFactory.cpp in Sources */,
				1899717A192CA77500E0E9F1 /* DebugSphereExampleFactory.cpp in Sources */,
				181438B3192B6E4500BCDF2E /* Pick3DObjectExample.cpp in Sources */,
				18997183192CABBE00E0E9F1 /* EnvironmentNotifierExampleFactory.cpp in Sources */,
				18997177192CA6FE00E0E9F1 /* DebugPrimitiveRenderingExampleFactory.cpp in Sources */,
				181438AC192B6E4500BCDF2E /* EnvironmentFlatteningExample.cpp in Sources */,
				181438AD192B6E4500BCDF2E /* EnvironmentNotifierExample.cpp in Sources */,
				1899718F192CAE7E00E0E9F1 /* ModifiedRenderingExampleFactory.cpp in Sources */,
				181438BF192B6E4500BCDF2E /* SearchExample.cpp in Sources */,
				18AB38FA192B729F00F15546 /* iOSRouteMatchingExampleViewFactory.mm in Sources */,
				181438BB192B6E4500BCDF2E /* RouteSimulationAnimationExample.cpp in Sources */,
				18AB38F8192B729F00F15546 /* ExampleApp.cpp in Sources */,
				18AB38FE192B729F00F15546 /* ViewController.mm in Sources */,
				181438BC192B6E4500BCDF2E /* RouteThicknessPolicyExample.cpp in Sources */,
				181438AB192B6E4500BCDF2E /* DynamicText3DExample.cpp in Sources */,
				189971C8192CCB7700E0E9F1 /* ExampleController.cpp in Sources */,
				189971A1192CB2D500E0E9F1 /* ResourceSpatialQueryExampleFactory.cpp in Sources */,
				181438B0192B6E4500BCDF2E /* LoadModelExample.cpp in Sources */,
				189971A7192CB3F800E0E9F1 /* RouteSimulationAnimationExampleFactory.cpp in Sources */,
				181438B8192B6E4500BCDF2E /* RouteDrawingExample.cpp in Sources */,
				189971B9192CB83E00E0E9F1 /* ToggleTrafficExampleFactory.cpp in Sources */,
				18AB38FB192B729F00F15546 /* iOSRouteSimulationExampleView.mm in Sources */,
				181438AF192B6E4500BCDF2E /* KeyboardInputExample.cpp in Sources */,
				18AB38FD192B729F00F15546 /* Main.m in Sources */,
				181438BE192B6E4500BCDF2E /* ScreenUnprojectExample.cpp in Sources */,
				181438AA192B6E4500BCDF2E /* DebugSphereExample.cpp in Sources */,
				181438A7192B6E4500BCDF2E /* CameraTransitionExample.cpp in Sources */,
				181438C2192B6E4500BCDF2E /* TrafficCongestionExample.cpp in Sources */,
				181438B6192B6E4500BCDF2E /* PODAnimationExample.cpp in Sources */,
				181438B5192B6E4500BCDF2E /* PinsExample.cpp in Sources */,
				18997174192CA64300E0E9F1 /* ControlCityThemeExampleFactory.cpp in Sources */,
				18AB38F9192B729F00F15546 /* iOSRouteMatchingExampleView.mm in Sources */,
				18997195192CAFED00E0E9F1 /* Pick3DObjectExampleFactory.cpp in Sources */,
				181438B7192B6E4500BCDF2E /* ResourceSpatialQueryExample.cpp in Sources */,
				189971AA192CB4D900E0E9F1 /* RouteThicknessPolicyExampleFactory.cpp in Sources */,
				181438A9192B6E4500BCDF2E /* DebugPrimitiveRenderingExample.cpp in Sources */,
				1899718C192CAD9800E0E9F1 /* LoadModelExampleFactory.cpp in Sources */,
				18997180192CAA8C00E0E9F1 /* EnvironmentFlatteningExampleFactory.cpp in Sources */,
				181438BD192B6E4500BCDF2E /* ScreenPickExample.cpp in Sources */,
				18AB38E5192B71F100F15546 /* UIHelpers.cpp in Sources */,
				181438C3192B6E4500BCDF2E /* WebRequestExample.cpp in Sources */,
				1899719B192CB17100E0E9F1 /* PinsExampleFactory.cpp in Sources */,
				181438B1192B6E4500BCDF2E /* ModifiedRenderingExample.cpp in Sources */,
				18997186192CAC5400E0E9F1 /* FileIOExampleFactory.cpp in Sources */,
				189971A4192CB35600E0E9F1 /* RouteDrawingExampleFactory.cpp in Sources */,
				1899719E192CB24B00E0E9F1 /* PODAnimationExampleFactory.cpp in Sources */,
				181438B4192B6E4500BCDF2E /* PinOverModelExample.cpp in Sources */,
				189971C2192CBFFE00E0E9F1 /* RouteMatchingExampleFactory.cpp in Sources */,
				189971C5192CC21600E0E9F1 /* RouteSimulationExampleFactory.cpp in Sources */,
				18997189192CACDD00E0E9F1 /* KeyboardInputExampleFactory.cpp in Sources */,
				18997192192CAF5F00E0E9F1 /* NavigationGraphExampleFactory.cpp in Sources */,
				18AB38FC192B729F00F15546 /* iOSRouteSimulationExampleViewFactory.mm in Sources */,
				181438AE192B6E4500BCDF2E /* FileIOExample.cpp in Sources */,
				181438BA192B6E4500BCDF2E /* RouteSimulationExample.cpp in Sources */,
				181438C1192B6E4500BCDF2E /* ToggleTrafficExample.cpp in Sources */,
				1899716A192C947D00E0E9F1 /* CameraTransitionExampleFactory.cpp in Sources */,
				181438B2192B6E4500BCDF2E /* NavigationGraphExample.cpp in Sources */,
				189971BF192CB93200E0E9F1 /* WebRequestExampleFactory.cpp in Sources */,
				1899717D192CAA0500E0E9F1 /* DynamicText3DExampleFactory.cpp in Sources */,
				189971AD192CB59F00E0E9F1 /* ScreenPickExampleFactory.cpp in Sources */,
				18997198192CB08A00E0E9F1 /* PinOverModelExampleFactory.cpp in Sources */,
				181438C0192B6E4500BCDF2E /* SingleCityExample.cpp in Sources */,
				181438B9192B6E4500BCDF2E /* RouteMatchingExample.cpp in Sources */,
				189971BC192CB8B800E0E9F1 /* TrafficCongestionExampleFactory.cpp in Sources */,
				189971B3192CB6A100E0E9F1 /* SearchExampleFactory.cpp in Sources */,
			);
			runOnlyForDeploymentPostprocessing = 0;
		};
/* End PBXSourcesBuildPhase section */

/* Begin PBXVariantGroup section */
		7EE481F516836F370006E99B /* InfoPlist.strings */ = {
			isa = PBXVariantGroup;
			children = (
				7EE481F616836F370006E99B /* en */,
			);
			name = InfoPlist.strings;
			sourceTree = "<group>";
		};
		7EE4820C1683713B0006E99B /* MainStoryboard_iPhone.storyboard */ = {
			isa = PBXVariantGroup;
			children = (
				7EE4820D1683713B0006E99B /* en */,
			);
			name = MainStoryboard_iPhone.storyboard;
			sourceTree = "<group>";
		};
		7EE4820F168371460006E99B /* MainStoryboard_iPad.storyboard */ = {
			isa = PBXVariantGroup;
			children = (
				7EE48210168371460006E99B /* en */,
			);
			name = MainStoryboard_iPad.storyboard;
			sourceTree = "<group>";
		};
/* End PBXVariantGroup section */

/* Begin XCBuildConfiguration section */
		7EE4820716836F370006E99B /* Debug */ = {
			isa = XCBuildConfiguration;
			buildSettings = {
				ALWAYS_SEARCH_USER_PATHS = NO;
				ARCHS = (
					armv7,
					i386,
				);
				CLANG_CXX_LANGUAGE_STANDARD = "compiler-default";
				CLANG_CXX_LIBRARY = "compiler-default";
				CLANG_WARN_EMPTY_BODY = YES;
				CLANG_WARN__DUPLICATE_METHOD_MATCH = YES;
				COPY_PHASE_STRIP = NO;
				GCC_C_LANGUAGE_STANDARD = gnu99;
				GCC_DYNAMIC_NO_PIC = NO;
				GCC_OPTIMIZATION_LEVEL = 0;
				GCC_PREPROCESSOR_DEFINITIONS = (
					"DEBUG=1",
					"$(inherited)",
				);
				GCC_SYMBOLS_PRIVATE_EXTERN = NO;
				GCC_VERSION = com.apple.compilers.llvm.clang.1_0;
				GCC_WARN_ABOUT_RETURN_TYPE = YES;
				GCC_WARN_UNINITIALIZED_AUTOS = YES;
				GCC_WARN_UNUSED_VARIABLE = YES;
				HEADER_SEARCH_PATHS = "";
				IPHONEOS_DEPLOYMENT_TARGET = 5.0;
				ONLY_ACTIVE_ARCH = YES;
				SDKROOT = iphoneos;
				TARGETED_DEVICE_FAMILY = "1,2";
				VALID_ARCHS = "armv7 i386";
			};
			name = Debug;
		};
		7EE4820816836F370006E99B /* Release */ = {
			isa = XCBuildConfiguration;
			buildSettings = {
				ALWAYS_SEARCH_USER_PATHS = NO;
				ARCHS = (
					armv7,
					i386,
				);
				CLANG_CXX_LANGUAGE_STANDARD = "compiler-default";
				CLANG_CXX_LIBRARY = "compiler-default";
				CLANG_WARN_EMPTY_BODY = YES;
				CLANG_WARN__DUPLICATE_METHOD_MATCH = YES;
				COPY_PHASE_STRIP = YES;
				GCC_C_LANGUAGE_STANDARD = gnu99;
				GCC_OPTIMIZATION_LEVEL = s;
				GCC_PREPROCESSOR_DEFINITIONS = "";
				GCC_VERSION = com.apple.compilers.llvm.clang.1_0;
				GCC_WARN_ABOUT_RETURN_TYPE = YES;
				GCC_WARN_UNINITIALIZED_AUTOS = YES;
				GCC_WARN_UNUSED_VARIABLE = YES;
				HEADER_SEARCH_PATHS = "";
				IPHONEOS_DEPLOYMENT_TARGET = 5.0;
				OTHER_CFLAGS = "-DNS_BLOCK_ASSERTIONS=1";
				SDKROOT = iphoneos;
				TARGETED_DEVICE_FAMILY = "1,2";
				VALIDATE_PRODUCT = YES;
				VALID_ARCHS = "armv7 i386";
			};
			name = Release;
		};
		7EE4820A16836F370006E99B /* Debug */ = {
			isa = XCBuildConfiguration;
			buildSettings = {
				ALWAYS_SEARCH_USER_PATHS = YES;
				ARCHS = (
					armv7,
					i386,
				);
				CODE_SIGN_IDENTITY = "iPhone Developer";
				"CODE_SIGN_IDENTITY[sdk=iphoneos*]" = "iPhone Developer";
				FRAMEWORK_SEARCH_PATHS = "";
				GCC_PRECOMPILE_PREFIX_HEADER = YES;
				GCC_PREFIX_HEADER = "ExampleApp/ExampleApp-Prefix.pch";
				HEADER_SEARCH_PATHS = "Include/**";
				INFOPLIST_FILE = "ExampleApp/ExampleApp-Info.plist";
				LIBRARY_SEARCH_PATHS = (
					"$(inherited)",
					"\"$(SRCROOT)/Include\"",
				);
				PRODUCT_NAME = "$(TARGET_NAME)";
				PROVISIONING_PROFILE = "";
				VALID_ARCHS = "armv7 i386";
				WRAPPER_EXTENSION = app;
			};
			name = Debug;
		};
		7EE4820B16836F370006E99B /* Release */ = {
			isa = XCBuildConfiguration;
			buildSettings = {
				ALWAYS_SEARCH_USER_PATHS = YES;
				ARCHS = (
					armv7,
					i386,
				);
				CODE_SIGN_IDENTITY = "iPhone Developer";
				"CODE_SIGN_IDENTITY[sdk=iphoneos*]" = "iPhone Developer";
				FRAMEWORK_SEARCH_PATHS = "";
				GCC_PRECOMPILE_PREFIX_HEADER = YES;
				GCC_PREFIX_HEADER = "ExampleApp/ExampleApp-Prefix.pch";
				HEADER_SEARCH_PATHS = "Include/**";
				INFOPLIST_FILE = "ExampleApp/ExampleApp-Info.plist";
				LIBRARY_SEARCH_PATHS = (
					"$(inherited)",
					"\"$(SRCROOT)/Include\"",
				);
				PRODUCT_NAME = "$(TARGET_NAME)";
				PROVISIONING_PROFILE = "";
				VALID_ARCHS = "armv7 i386";
				WRAPPER_EXTENSION = app;
			};
			name = Release;
		};
/* End XCBuildConfiguration section */

/* Begin XCConfigurationList section */
		7EE481E016836F360006E99B /* Build configuration list for PBXProject "ExampleApp" */ = {
			isa = XCConfigurationList;
			buildConfigurations = (
				7EE4820716836F370006E99B /* Debug */,
				7EE4820816836F370006E99B /* Release */,
			);
			defaultConfigurationIsVisible = 0;
			defaultConfigurationName = Release;
		};
		7EE4820916836F370006E99B /* Build configuration list for PBXNativeTarget "ExampleApp" */ = {
			isa = XCConfigurationList;
			buildConfigurations = (
				7EE4820A16836F370006E99B /* Debug */,
				7EE4820B16836F370006E99B /* Release */,
			);
			defaultConfigurationIsVisible = 0;
			defaultConfigurationName = Release;
		};
/* End XCConfigurationList section */
	};
	rootObject = 7EE481DD16836F360006E99B /* Project object */;
}
